// !$*UTF8*$!
{
	archiveVersion = 1;
	classes = {
	};
	objectVersion = 55;
	objects = {

/* Begin PBXBuildFile section */
		254EFAD2506E36CB75634C55 /* Pods_FosterAppTests.framework in Frameworks */ = {isa = PBXBuildFile; fileRef = 2079AD44F9580C27D41EB706 /* Pods_FosterAppTests.framework */; };
		6794FC8A6FA8CE952A17437F /* Pods_FosterApp.framework in Frameworks */ = {isa = PBXBuildFile; fileRef = D81990801C67DE0C6FAAB50D /* Pods_FosterApp.framework */; };
		D572729F29ACA79100A9C72E /* BaseViewController.swift in Sources */ = {isa = PBXBuildFile; fileRef = D572729A29ACA79100A9C72E /* BaseViewController.swift */; };
		D57272A029ACA79100A9C72E /* ViewModel.swift in Sources */ = {isa = PBXBuildFile; fileRef = D572729B29ACA79100A9C72E /* ViewModel.swift */; };
		D57272A129ACA79100A9C72E /* Interactor.swift in Sources */ = {isa = PBXBuildFile; fileRef = D572729C29ACA79100A9C72E /* Interactor.swift */; };
		D57272A229ACA79100A9C72E /* Presenter.swift in Sources */ = {isa = PBXBuildFile; fileRef = D572729D29ACA79100A9C72E /* Presenter.swift */; };
		D57272A329ACA79100A9C72E /* LoaderView.swift in Sources */ = {isa = PBXBuildFile; fileRef = D572729E29ACA79100A9C72E /* LoaderView.swift */; };
		D57272A529ACB41100A9C72E /* Adopter.swift in Sources */ = {isa = PBXBuildFile; fileRef = D57272A429ACB41100A9C72E /* Adopter.swift */; };
		D57272BF29ACE6F600A9C72E /* AddButton.swift in Sources */ = {isa = PBXBuildFile; fileRef = D57272BE29ACE6F600A9C72E /* AddButton.swift */; };
		D57272C529ACEAB900A9C72E /* LitterHistoryPresenter.swift in Sources */ = {isa = PBXBuildFile; fileRef = D57272C129ACEAB900A9C72E /* LitterHistoryPresenter.swift */; };
		D57272C629ACEAB900A9C72E /* LitterHistoryViewController.swift in Sources */ = {isa = PBXBuildFile; fileRef = D57272C229ACEAB900A9C72E /* LitterHistoryViewController.swift */; };
		D57272C729ACEAB900A9C72E /* LitterHistoryInteractor.swift in Sources */ = {isa = PBXBuildFile; fileRef = D57272C329ACEAB900A9C72E /* LitterHistoryInteractor.swift */; };
		D57272C829ACEAB900A9C72E /* LitterHistoryViewModel.swift in Sources */ = {isa = PBXBuildFile; fileRef = D57272C429ACEAB900A9C72E /* LitterHistoryViewModel.swift */; };
		D57272CA29ACEAD700A9C72E /* LitterHistory.storyboard in Resources */ = {isa = PBXBuildFile; fileRef = D57272C929ACEAD700A9C72E /* LitterHistory.storyboard */; };
		D57272D029ACF4F200A9C72E /* HomePresenter.swift in Sources */ = {isa = PBXBuildFile; fileRef = D57272CC29ACF4F200A9C72E /* HomePresenter.swift */; };
		D57272D129ACF4F200A9C72E /* HomeViewController.swift in Sources */ = {isa = PBXBuildFile; fileRef = D57272CD29ACF4F200A9C72E /* HomeViewController.swift */; };
		D57272D229ACF4F200A9C72E /* HomeInteractor.swift in Sources */ = {isa = PBXBuildFile; fileRef = D57272CE29ACF4F200A9C72E /* HomeInteractor.swift */; };
		D57272D329ACF4F200A9C72E /* HomeViewModel.swift in Sources */ = {isa = PBXBuildFile; fileRef = D57272CF29ACF4F200A9C72E /* HomeViewModel.swift */; };
		D57272D529ACF50100A9C72E /* Home.storyboard in Resources */ = {isa = PBXBuildFile; fileRef = D57272D429ACF50100A9C72E /* Home.storyboard */; };
		D576F5682A5B1B6B0004AF60 /* WeighingListPresenter.swift in Sources */ = {isa = PBXBuildFile; fileRef = D576F5642A5B1B6B0004AF60 /* WeighingListPresenter.swift */; };
		D576F5692A5B1B6B0004AF60 /* WeighingListViewController.swift in Sources */ = {isa = PBXBuildFile; fileRef = D576F5652A5B1B6B0004AF60 /* WeighingListViewController.swift */; };
		D576F56A2A5B1B6B0004AF60 /* WeighingListInteractor.swift in Sources */ = {isa = PBXBuildFile; fileRef = D576F5662A5B1B6B0004AF60 /* WeighingListInteractor.swift */; };
		D576F56B2A5B1B6B0004AF60 /* WeighingListViewModel.swift in Sources */ = {isa = PBXBuildFile; fileRef = D576F5672A5B1B6B0004AF60 /* WeighingListViewModel.swift */; };
		D576F5702A5B1B7F0004AF60 /* AddWeightPresenter.swift in Sources */ = {isa = PBXBuildFile; fileRef = D576F56C2A5B1B7F0004AF60 /* AddWeightPresenter.swift */; };
		D576F5712A5B1B7F0004AF60 /* AddWeightViewController.swift in Sources */ = {isa = PBXBuildFile; fileRef = D576F56D2A5B1B7F0004AF60 /* AddWeightViewController.swift */; };
		D576F5722A5B1B7F0004AF60 /* AddWeightInteractor.swift in Sources */ = {isa = PBXBuildFile; fileRef = D576F56E2A5B1B7F0004AF60 /* AddWeightInteractor.swift */; };
		D576F5732A5B1B7F0004AF60 /* AddWeightViewModel.swift in Sources */ = {isa = PBXBuildFile; fileRef = D576F56F2A5B1B7F0004AF60 /* AddWeightViewModel.swift */; };
		D576F5752A5B1B8E0004AF60 /* WeighingList.storyboard in Resources */ = {isa = PBXBuildFile; fileRef = D576F5742A5B1B8E0004AF60 /* WeighingList.storyboard */; };
		D576F5772A5B1BA00004AF60 /* AddWeight.storyboard in Resources */ = {isa = PBXBuildFile; fileRef = D576F5762A5B1BA00004AF60 /* AddWeight.storyboard */; };
		D580849F2B29BBB700B27E50 /* FosterAppTestPlan.xctestplan in Resources */ = {isa = PBXBuildFile; fileRef = D580849E2B29BBB700B27E50 /* FosterAppTestPlan.xctestplan */; };
		D581DBD12AF9220A009B61F7 /* SettingsPresenter.swift in Sources */ = {isa = PBXBuildFile; fileRef = D581DBCD2AF9220A009B61F7 /* SettingsPresenter.swift */; };
		D581DBD22AF9220A009B61F7 /* SettingsViewController.swift in Sources */ = {isa = PBXBuildFile; fileRef = D581DBCE2AF9220A009B61F7 /* SettingsViewController.swift */; };
		D581DBD32AF9220A009B61F7 /* SettingsInteractor.swift in Sources */ = {isa = PBXBuildFile; fileRef = D581DBCF2AF9220A009B61F7 /* SettingsInteractor.swift */; };
		D581DBD42AF9220A009B61F7 /* SettingsViewModel.swift in Sources */ = {isa = PBXBuildFile; fileRef = D581DBD02AF9220A009B61F7 /* SettingsViewModel.swift */; };
		D581DBD62AF92218009B61F7 /* Settings.storyboard in Resources */ = {isa = PBXBuildFile; fileRef = D581DBD52AF92218009B61F7 /* Settings.storyboard */; };
		D585E62429D5DC7300D3ED9C /* Colors.xcassets in Resources */ = {isa = PBXBuildFile; fileRef = D585E62329D5DC7300D3ED9C /* Colors.xcassets */; };
		D585E62F29D5DFCD00D3ED9C /* KittenCardModal.storyboard in Resources */ = {isa = PBXBuildFile; fileRef = D585E62E29D5DFCD00D3ED9C /* KittenCardModal.storyboard */; };
		D588684F2B752AA70044DE62 /* AdviceMockSuccess.json in Resources */ = {isa = PBXBuildFile; fileRef = D588684E2B752AA70044DE62 /* AdviceMockSuccess.json */; };
		D58EEC7D2AEFE6C900B24C95 /* BaseTableViewCell.swift in Sources */ = {isa = PBXBuildFile; fileRef = D58EEC7C2AEFE6C900B24C95 /* BaseTableViewCell.swift */; };
		D58EEC812AEFE71700B24C95 /* AdviceCell.swift in Sources */ = {isa = PBXBuildFile; fileRef = D58EEC802AEFE71700B24C95 /* AdviceCell.swift */; };
		D58EEC832AEFEA9C00B24C95 /* AdviceCell.xib in Resources */ = {isa = PBXBuildFile; fileRef = D58EEC822AEFEA9C00B24C95 /* AdviceCell.xib */; };
		D593BD9B29DF0617005D8673 /* InfoCardView.xib in Resources */ = {isa = PBXBuildFile; fileRef = D59D09BE29DD6CD100813B35 /* InfoCardView.xib */; };
		D59431852AF1405300A13187 /* NavBar.storyboard in Resources */ = {isa = PBXBuildFile; fileRef = D59431842AF1405300A13187 /* NavBar.storyboard */; };
		D59512462A60391A008A6220 /* BaseTableView.swift in Sources */ = {isa = PBXBuildFile; fileRef = D59512452A60391A008A6220 /* BaseTableView.swift */; };
		D595EC6329D58E1500200B46 /* SignUpPresenter.swift in Sources */ = {isa = PBXBuildFile; fileRef = D595EC5F29D58E1500200B46 /* SignUpPresenter.swift */; };
		D595EC6429D58E1500200B46 /* SignUpViewController.swift in Sources */ = {isa = PBXBuildFile; fileRef = D595EC6029D58E1500200B46 /* SignUpViewController.swift */; };
		D595EC6529D58E1500200B46 /* SignUpInteractor.swift in Sources */ = {isa = PBXBuildFile; fileRef = D595EC6129D58E1500200B46 /* SignUpInteractor.swift */; };
		D595EC6629D58E1500200B46 /* SignUpViewModel.swift in Sources */ = {isa = PBXBuildFile; fileRef = D595EC6229D58E1500200B46 /* SignUpViewModel.swift */; };
		D59900CD29F6B62500F0F36D /* Alerts.swift in Sources */ = {isa = PBXBuildFile; fileRef = D59900CC29F6B62500F0F36D /* Alerts.swift */; };
		D599CE2329AFB0C500542F9E /* DBWorker.swift in Sources */ = {isa = PBXBuildFile; fileRef = D599CE2229AFB0C500542F9E /* DBWorker.swift */; };
		D599DE0A2A151A100004C165 /* BaseTest.swift in Sources */ = {isa = PBXBuildFile; fileRef = D599DE092A151A100004C165 /* BaseTest.swift */; };
		D59A680629E856000016F123 /* User.swift in Sources */ = {isa = PBXBuildFile; fileRef = D59A680529E856000016F123 /* User.swift */; };
		D59AA7CD2A03B205008AF45F /* AdvicesPresenter.swift in Sources */ = {isa = PBXBuildFile; fileRef = D59AA7C92A03B205008AF45F /* AdvicesPresenter.swift */; };
		D59AA7CE2A03B205008AF45F /* AdvicesViewController.swift in Sources */ = {isa = PBXBuildFile; fileRef = D59AA7CA2A03B205008AF45F /* AdvicesViewController.swift */; };
		D59AA7CF2A03B205008AF45F /* AdvicesInteractor.swift in Sources */ = {isa = PBXBuildFile; fileRef = D59AA7CB2A03B205008AF45F /* AdvicesInteractor.swift */; };
		D59AA7D02A03B205008AF45F /* AdvicesViewModel.swift in Sources */ = {isa = PBXBuildFile; fileRef = D59AA7CC2A03B205008AF45F /* AdvicesViewModel.swift */; };
		D59AA7D22A03B221008AF45F /* Advices.storyboard in Resources */ = {isa = PBXBuildFile; fileRef = D59AA7D12A03B221008AF45F /* Advices.storyboard */; };
		D59AA7D72A03F7AE008AF45F /* AdvicesResponse.swift in Sources */ = {isa = PBXBuildFile; fileRef = D59AA7D62A03F7AE008AF45F /* AdvicesResponse.swift */; };
		D59C72F62B728084008F8161 /* SettingsTests.swift in Sources */ = {isa = PBXBuildFile; fileRef = D59C72F52B728084008F8161 /* SettingsTests.swift */; };
		D59C82452A8F985C00320C29 /* WeighingHistoryTests.swift in Sources */ = {isa = PBXBuildFile; fileRef = D59C82442A8F985C00320C29 /* WeighingHistoryTests.swift */; };
		D59C82472A8FB27300320C29 /* LitterHistoryTests.swift in Sources */ = {isa = PBXBuildFile; fileRef = D59C82462A8FB27300320C29 /* LitterHistoryTests.swift */; };
		D59D09B729DD6B6300813B35 /* InfoCardView.swift in Sources */ = {isa = PBXBuildFile; fileRef = D59D09B329DD6B6300813B35 /* InfoCardView.swift */; };
		D59D09B929DD6B6300813B35 /* InfoCardViewModel.swift in Sources */ = {isa = PBXBuildFile; fileRef = D59D09B529DD6B6300813B35 /* InfoCardViewModel.swift */; };
		D59DB7EE29DAC53B00306F0C /* KittenCardModalPresenter.swift in Sources */ = {isa = PBXBuildFile; fileRef = D59DB7EA29DAC53B00306F0C /* KittenCardModalPresenter.swift */; };
		D59DB7EF29DAC53B00306F0C /* KittenCardModalViewController.swift in Sources */ = {isa = PBXBuildFile; fileRef = D59DB7EB29DAC53B00306F0C /* KittenCardModalViewController.swift */; };
		D59DB7F029DAC53B00306F0C /* KittenCardModalInteractor.swift in Sources */ = {isa = PBXBuildFile; fileRef = D59DB7EC29DAC53B00306F0C /* KittenCardModalInteractor.swift */; };
		D59DB7F129DAC53B00306F0C /* KittenCardModalViewModel.swift in Sources */ = {isa = PBXBuildFile; fileRef = D59DB7ED29DAC53B00306F0C /* KittenCardModalViewModel.swift */; };
		D59F2AFF2B076E440014AD2C /* AnalyticsManager.swift in Sources */ = {isa = PBXBuildFile; fileRef = D59F2AFE2B076E440014AD2C /* AnalyticsManager.swift */; };
		D59F2B012B07708E0014AD2C /* GoogleService-Info.plist in Resources */ = {isa = PBXBuildFile; fileRef = D59F2B002B07708E0014AD2C /* GoogleService-Info.plist */; };
		D59FF70F2A0A6F5E00147783 /* AdvicePresenter.swift in Sources */ = {isa = PBXBuildFile; fileRef = D59FF70B2A0A6F5E00147783 /* AdvicePresenter.swift */; };
		D59FF7102A0A6F5E00147783 /* AdviceViewController.swift in Sources */ = {isa = PBXBuildFile; fileRef = D59FF70C2A0A6F5E00147783 /* AdviceViewController.swift */; };
		D59FF7112A0A6F5E00147783 /* AdviceInteractor.swift in Sources */ = {isa = PBXBuildFile; fileRef = D59FF70D2A0A6F5E00147783 /* AdviceInteractor.swift */; };
		D59FF7122A0A6F5E00147783 /* AdviceViewModel.swift in Sources */ = {isa = PBXBuildFile; fileRef = D59FF70E2A0A6F5E00147783 /* AdviceViewModel.swift */; };
		D59FF7142A0A6F6900147783 /* Advice.storyboard in Resources */ = {isa = PBXBuildFile; fileRef = D59FF7132A0A6F6900147783 /* Advice.storyboard */; };
		D5A073C029AE10B000202F0A /* DB_Kitten.swift in Sources */ = {isa = PBXBuildFile; fileRef = D5A073BF29AE10B000202F0A /* DB_Kitten.swift */; };
		D5A073C229AE10C000202F0A /* DB_Adopter.swift in Sources */ = {isa = PBXBuildFile; fileRef = D5A073C129AE10C000202F0A /* DB_Adopter.swift */; };
		D5A073C429AE10CD00202F0A /* DB_Weighing.swift in Sources */ = {isa = PBXBuildFile; fileRef = D5A073C329AE10CD00202F0A /* DB_Weighing.swift */; };
		D5A073C629AE113A00202F0A /* DB_Vaccine.swift in Sources */ = {isa = PBXBuildFile; fileRef = D5A073C529AE113A00202F0A /* DB_Vaccine.swift */; };
		D5A073C829AE3CD100202F0A /* Vaccine.swift in Sources */ = {isa = PBXBuildFile; fileRef = D5A073C729AE3CD100202F0A /* Vaccine.swift */; };
		D5A073CA29AE412500202F0A /* Weighing.swift in Sources */ = {isa = PBXBuildFile; fileRef = D5A073C929AE412500202F0A /* Weighing.swift */; };
		D5A073CC29AE45CE00202F0A /* DB_Litter.swift in Sources */ = {isa = PBXBuildFile; fileRef = D5A073CB29AE45CE00202F0A /* DB_Litter.swift */; };
		D5A1255F2A2F297200BA69C9 /* LoginTests.swift in Sources */ = {isa = PBXBuildFile; fileRef = D5A1255E2A2F297200BA69C9 /* LoginTests.swift */; };
		D5A125612A2F2ED400BA69C9 /* AuthResultMock.swift in Sources */ = {isa = PBXBuildFile; fileRef = D5A125602A2F2ED400BA69C9 /* AuthResultMock.swift */; };
		D5A125632A2F64A800BA69C9 /* UserWorker.swift in Sources */ = {isa = PBXBuildFile; fileRef = D5A125622A2F64A800BA69C9 /* UserWorker.swift */; };
		D5A125652A2F6B3C00BA69C9 /* SignUpTests.swift in Sources */ = {isa = PBXBuildFile; fileRef = D5A125642A2F6B3C00BA69C9 /* SignUpTests.swift */; };
		D5A189502ACD81580092B059 /* Tile.swift in Sources */ = {isa = PBXBuildFile; fileRef = D5A1894F2ACD81580092B059 /* Tile.swift */; };
		D5A189552ACD82340092B059 /* Tile.xib in Resources */ = {isa = PBXBuildFile; fileRef = D5A189542ACD82340092B059 /* Tile.xib */; };
		D5AC4B1E2A1E0239008B0C43 /* Extension+UserDefaults.swift in Sources */ = {isa = PBXBuildFile; fileRef = D5AC4B1D2A1E0239008B0C43 /* Extension+UserDefaults.swift */; };
		D5AC4B212A1E3BC3008B0C43 /* APIRequestMock.swift in Sources */ = {isa = PBXBuildFile; fileRef = D5AC4B202A1E3BC3008B0C43 /* APIRequestMock.swift */; };
		D5B048B42B0BA58600BC2F93 /* Loader.swift in Sources */ = {isa = PBXBuildFile; fileRef = D5B048B32B0BA58600BC2F93 /* Loader.swift */; };
		D5B048BA2B0CB84500BC2F93 /* ChooseAppIconPresenter.swift in Sources */ = {isa = PBXBuildFile; fileRef = D5B048B62B0CB84500BC2F93 /* ChooseAppIconPresenter.swift */; };
		D5B048BB2B0CB84500BC2F93 /* ChooseAppIconViewController.swift in Sources */ = {isa = PBXBuildFile; fileRef = D5B048B72B0CB84500BC2F93 /* ChooseAppIconViewController.swift */; };
		D5B048BC2B0CB84500BC2F93 /* ChooseAppIconInteractor.swift in Sources */ = {isa = PBXBuildFile; fileRef = D5B048B82B0CB84500BC2F93 /* ChooseAppIconInteractor.swift */; };
		D5B048BD2B0CB84500BC2F93 /* ChooseAppIconViewModel.swift in Sources */ = {isa = PBXBuildFile; fileRef = D5B048B92B0CB84500BC2F93 /* ChooseAppIconViewModel.swift */; };
		D5B048BF2B0CB87800BC2F93 /* ChooseAppIcon.storyboard in Resources */ = {isa = PBXBuildFile; fileRef = D5B048BE2B0CB87800BC2F93 /* ChooseAppIcon.storyboard */; };
		D5B1436E2A1B5E7A00FA5418 /* BaseTest.swift in Sources */ = {isa = PBXBuildFile; fileRef = D5B1436D2A1B5E7A00FA5418 /* BaseTest.swift */; };
		D5B143702A1B67AC00FA5418 /* APIWorker.swift in Sources */ = {isa = PBXBuildFile; fileRef = D5B1436F2A1B67AC00FA5418 /* APIWorker.swift */; };
		D5B143722A1B693A00FA5418 /* APIRequest.swift in Sources */ = {isa = PBXBuildFile; fileRef = D5B143712A1B693A00FA5418 /* APIRequest.swift */; };
		D5B143762A1B94B800FA5418 /* AdvicesResponseFail.json in Resources */ = {isa = PBXBuildFile; fileRef = D5B143752A1B94B800FA5418 /* AdvicesResponseFail.json */; };
		D5B1437F2A1B9D9600FA5418 /* AdvicesTests.swift in Sources */ = {isa = PBXBuildFile; fileRef = D5B1437E2A1B9D9600FA5418 /* AdvicesTests.swift */; };
		D5B143812A1B9E0400FA5418 /* KittenCardTests.swift in Sources */ = {isa = PBXBuildFile; fileRef = D5B143802A1B9E0400FA5418 /* KittenCardTests.swift */; };
		D5B143872A1B9F4700FA5418 /* LitterTests.swift in Sources */ = {isa = PBXBuildFile; fileRef = D5B143862A1B9F4700FA5418 /* LitterTests.swift */; };
		D5B143892A1B9F5200FA5418 /* HomeTests.swift in Sources */ = {isa = PBXBuildFile; fileRef = D5B143882A1B9F5200FA5418 /* HomeTests.swift */; };
		D5B48FE42AA1F14B0055C81B /* ButtonPink.swift in Sources */ = {isa = PBXBuildFile; fileRef = D5B48FE32AA1F14B0055C81B /* ButtonPink.swift */; };
		D5B48FE62AA1F4500055C81B /* ButtonBeige.swift in Sources */ = {isa = PBXBuildFile; fileRef = D5B48FE52AA1F4500055C81B /* ButtonBeige.swift */; };
		D5B5E24829D4697C00A84476 /* LoginPresenter.swift in Sources */ = {isa = PBXBuildFile; fileRef = D5B5E24429D4697C00A84476 /* LoginPresenter.swift */; };
		D5B5E24929D4697C00A84476 /* LoginViewController.swift in Sources */ = {isa = PBXBuildFile; fileRef = D5B5E24529D4697C00A84476 /* LoginViewController.swift */; };
		D5B5E24A29D4697C00A84476 /* LoginInteractor.swift in Sources */ = {isa = PBXBuildFile; fileRef = D5B5E24629D4697C00A84476 /* LoginInteractor.swift */; };
		D5B5E24B29D4697C00A84476 /* LoginViewModel.swift in Sources */ = {isa = PBXBuildFile; fileRef = D5B5E24729D4697C00A84476 /* LoginViewModel.swift */; };
		D5B5E24F29D46E3C00A84476 /* GoogleService-Info.plist in Resources */ = {isa = PBXBuildFile; fileRef = D5B5E24E29D46E3C00A84476 /* GoogleService-Info.plist */; };
		D5C7D9B129F0195900885C48 /* Login.storyboard in Resources */ = {isa = PBXBuildFile; fileRef = D5C7D9B029F0195900885C48 /* Login.storyboard */; };
		D5C7D9B329F0196C00885C48 /* SignUp.storyboard in Resources */ = {isa = PBXBuildFile; fileRef = D5C7D9B229F0196C00885C48 /* SignUp.storyboard */; };
		D5E9295129ACFAAC00ACDAEE /* TabBar.storyboard in Resources */ = {isa = PBXBuildFile; fileRef = D5E9295029ACFAAC00ACDAEE /* TabBar.storyboard */; };
		D5E9295329AD0D6F00ACDAEE /* Litter.swift in Sources */ = {isa = PBXBuildFile; fileRef = D5E9295229AD0D6F00ACDAEE /* Litter.swift */; };
		D5E9295729AD16B700ACDAEE /* FosterApp.xcdatamodeld in Sources */ = {isa = PBXBuildFile; fileRef = D5E9295529AD16B700ACDAEE /* FosterApp.xcdatamodeld */; };
		D5F0C6F729A90BEA002A0F65 /* AppDelegate.swift in Sources */ = {isa = PBXBuildFile; fileRef = D5F0C6F629A90BEA002A0F65 /* AppDelegate.swift */; };
		D5F0C6F929A90BEA002A0F65 /* SceneDelegate.swift in Sources */ = {isa = PBXBuildFile; fileRef = D5F0C6F829A90BEA002A0F65 /* SceneDelegate.swift */; };
		D5F0C70029A90BEF002A0F65 /* Assets.xcassets in Resources */ = {isa = PBXBuildFile; fileRef = D5F0C6FF29A90BEF002A0F65 /* Assets.xcassets */; };
		D5F0C70329A90BEF002A0F65 /* LaunchScreen.storyboard in Resources */ = {isa = PBXBuildFile; fileRef = D5F0C70129A90BEF002A0F65 /* LaunchScreen.storyboard */; };
		D5F0C71229A90D85002A0F65 /* KittenCardPresenter.swift in Sources */ = {isa = PBXBuildFile; fileRef = D5F0C70E29A90D85002A0F65 /* KittenCardPresenter.swift */; };
		D5F0C71329A90D85002A0F65 /* KittenCardViewController.swift in Sources */ = {isa = PBXBuildFile; fileRef = D5F0C70F29A90D85002A0F65 /* KittenCardViewController.swift */; };
		D5F0C71429A90D85002A0F65 /* KittenCardInteractor.swift in Sources */ = {isa = PBXBuildFile; fileRef = D5F0C71029A90D85002A0F65 /* KittenCardInteractor.swift */; };
		D5F0C71529A90D85002A0F65 /* KittenCardViewModel.swift in Sources */ = {isa = PBXBuildFile; fileRef = D5F0C71129A90D85002A0F65 /* KittenCardViewModel.swift */; };
		D5F0C71A29A90E48002A0F65 /* KittenCard.storyboard in Resources */ = {isa = PBXBuildFile; fileRef = D5F0C71929A90E48002A0F65 /* KittenCard.storyboard */; };
		D5F0C71E29A91B86002A0F65 /* Kitten.swift in Sources */ = {isa = PBXBuildFile; fileRef = D5F0C71D29A91B86002A0F65 /* Kitten.swift */; };
		D5F0C72429A91D2D002A0F65 /* LitterPresenter.swift in Sources */ = {isa = PBXBuildFile; fileRef = D5F0C72029A91D2D002A0F65 /* LitterPresenter.swift */; };
		D5F0C72529A91D2D002A0F65 /* LitterViewController.swift in Sources */ = {isa = PBXBuildFile; fileRef = D5F0C72129A91D2D002A0F65 /* LitterViewController.swift */; };
		D5F0C72629A91D2D002A0F65 /* LitterInteractor.swift in Sources */ = {isa = PBXBuildFile; fileRef = D5F0C72229A91D2D002A0F65 /* LitterInteractor.swift */; };
		D5F0C72729A91D2D002A0F65 /* LitterViewModel.swift in Sources */ = {isa = PBXBuildFile; fileRef = D5F0C72329A91D2D002A0F65 /* LitterViewModel.swift */; };
		D5F0C72929A91D3C002A0F65 /* Litter.storyboard in Resources */ = {isa = PBXBuildFile; fileRef = D5F0C72829A91D3C002A0F65 /* Litter.storyboard */; };
		D5FCBA3229CA09D3008985C9 /* DatePickerField.swift in Sources */ = {isa = PBXBuildFile; fileRef = D5FCBA3129CA09D3008985C9 /* DatePickerField.swift */; };
/* End PBXBuildFile section */

/* Begin PBXContainerItemProxy section */
		D5B143672A1B5D9C00FA5418 /* PBXContainerItemProxy */ = {
			isa = PBXContainerItemProxy;
			containerPortal = D5F0C6EB29A90BEA002A0F65 /* Project object */;
			proxyType = 1;
			remoteGlobalIDString = D5F0C6F229A90BEA002A0F65;
			remoteInfo = FosterApp;
		};
/* End PBXContainerItemProxy section */

/* Begin PBXFileReference section */
		14DAA767AF140E2D64A78426 /* Pods-FosterAppTests.release.xcconfig */ = {isa = PBXFileReference; includeInIndex = 1; lastKnownFileType = text.xcconfig; name = "Pods-FosterAppTests.release.xcconfig"; path = "Target Support Files/Pods-FosterAppTests/Pods-FosterAppTests.release.xcconfig"; sourceTree = "<group>"; };
		2079AD44F9580C27D41EB706 /* Pods_FosterAppTests.framework */ = {isa = PBXFileReference; explicitFileType = wrapper.framework; includeInIndex = 0; path = Pods_FosterAppTests.framework; sourceTree = BUILT_PRODUCTS_DIR; };
		4A4D04655A2C7EAB32D6B24A /* Pods-FosterApp.release.xcconfig */ = {isa = PBXFileReference; includeInIndex = 1; lastKnownFileType = text.xcconfig; name = "Pods-FosterApp.release.xcconfig"; path = "Target Support Files/Pods-FosterApp/Pods-FosterApp.release.xcconfig"; sourceTree = "<group>"; };
		50A0D4DD42B6EDA0EDCC6221 /* Pods-FosterApp.debug.xcconfig */ = {isa = PBXFileReference; includeInIndex = 1; lastKnownFileType = text.xcconfig; name = "Pods-FosterApp.debug.xcconfig"; path = "Target Support Files/Pods-FosterApp/Pods-FosterApp.debug.xcconfig"; sourceTree = "<group>"; };
		818E39564CBAC5BC9BB16FAE /* Pods-FosterAppTests.debug.xcconfig */ = {isa = PBXFileReference; includeInIndex = 1; lastKnownFileType = text.xcconfig; name = "Pods-FosterAppTests.debug.xcconfig"; path = "Target Support Files/Pods-FosterAppTests/Pods-FosterAppTests.debug.xcconfig"; sourceTree = "<group>"; };
		D572729A29ACA79100A9C72E /* BaseViewController.swift */ = {isa = PBXFileReference; lastKnownFileType = sourcecode.swift; path = BaseViewController.swift; sourceTree = "<group>"; };
		D572729B29ACA79100A9C72E /* ViewModel.swift */ = {isa = PBXFileReference; lastKnownFileType = sourcecode.swift; path = ViewModel.swift; sourceTree = "<group>"; };
		D572729C29ACA79100A9C72E /* Interactor.swift */ = {isa = PBXFileReference; lastKnownFileType = sourcecode.swift; path = Interactor.swift; sourceTree = "<group>"; };
		D572729D29ACA79100A9C72E /* Presenter.swift */ = {isa = PBXFileReference; lastKnownFileType = sourcecode.swift; path = Presenter.swift; sourceTree = "<group>"; };
		D572729E29ACA79100A9C72E /* LoaderView.swift */ = {isa = PBXFileReference; lastKnownFileType = sourcecode.swift; path = LoaderView.swift; sourceTree = "<group>"; };
		D57272A429ACB41100A9C72E /* Adopter.swift */ = {isa = PBXFileReference; lastKnownFileType = sourcecode.swift; path = Adopter.swift; sourceTree = "<group>"; };
		D57272BE29ACE6F600A9C72E /* AddButton.swift */ = {isa = PBXFileReference; lastKnownFileType = sourcecode.swift; path = AddButton.swift; sourceTree = "<group>"; };
		D57272C129ACEAB900A9C72E /* LitterHistoryPresenter.swift */ = {isa = PBXFileReference; lastKnownFileType = sourcecode.swift; path = LitterHistoryPresenter.swift; sourceTree = "<group>"; };
		D57272C229ACEAB900A9C72E /* LitterHistoryViewController.swift */ = {isa = PBXFileReference; lastKnownFileType = sourcecode.swift; path = LitterHistoryViewController.swift; sourceTree = "<group>"; };
		D57272C329ACEAB900A9C72E /* LitterHistoryInteractor.swift */ = {isa = PBXFileReference; lastKnownFileType = sourcecode.swift; path = LitterHistoryInteractor.swift; sourceTree = "<group>"; };
		D57272C429ACEAB900A9C72E /* LitterHistoryViewModel.swift */ = {isa = PBXFileReference; lastKnownFileType = sourcecode.swift; path = LitterHistoryViewModel.swift; sourceTree = "<group>"; };
		D57272C929ACEAD700A9C72E /* LitterHistory.storyboard */ = {isa = PBXFileReference; lastKnownFileType = file.storyboard; path = LitterHistory.storyboard; sourceTree = "<group>"; };
		D57272CC29ACF4F200A9C72E /* HomePresenter.swift */ = {isa = PBXFileReference; lastKnownFileType = sourcecode.swift; path = HomePresenter.swift; sourceTree = "<group>"; };
		D57272CD29ACF4F200A9C72E /* HomeViewController.swift */ = {isa = PBXFileReference; lastKnownFileType = sourcecode.swift; path = HomeViewController.swift; sourceTree = "<group>"; };
		D57272CE29ACF4F200A9C72E /* HomeInteractor.swift */ = {isa = PBXFileReference; lastKnownFileType = sourcecode.swift; path = HomeInteractor.swift; sourceTree = "<group>"; };
		D57272CF29ACF4F200A9C72E /* HomeViewModel.swift */ = {isa = PBXFileReference; lastKnownFileType = sourcecode.swift; path = HomeViewModel.swift; sourceTree = "<group>"; };
		D57272D429ACF50100A9C72E /* Home.storyboard */ = {isa = PBXFileReference; lastKnownFileType = file.storyboard; path = Home.storyboard; sourceTree = "<group>"; };
		D576F5642A5B1B6B0004AF60 /* WeighingListPresenter.swift */ = {isa = PBXFileReference; lastKnownFileType = sourcecode.swift; path = WeighingListPresenter.swift; sourceTree = "<group>"; };
		D576F5652A5B1B6B0004AF60 /* WeighingListViewController.swift */ = {isa = PBXFileReference; lastKnownFileType = sourcecode.swift; path = WeighingListViewController.swift; sourceTree = "<group>"; };
		D576F5662A5B1B6B0004AF60 /* WeighingListInteractor.swift */ = {isa = PBXFileReference; lastKnownFileType = sourcecode.swift; path = WeighingListInteractor.swift; sourceTree = "<group>"; };
		D576F5672A5B1B6B0004AF60 /* WeighingListViewModel.swift */ = {isa = PBXFileReference; lastKnownFileType = sourcecode.swift; path = WeighingListViewModel.swift; sourceTree = "<group>"; };
		D576F56C2A5B1B7F0004AF60 /* AddWeightPresenter.swift */ = {isa = PBXFileReference; lastKnownFileType = sourcecode.swift; path = AddWeightPresenter.swift; sourceTree = "<group>"; };
		D576F56D2A5B1B7F0004AF60 /* AddWeightViewController.swift */ = {isa = PBXFileReference; lastKnownFileType = sourcecode.swift; path = AddWeightViewController.swift; sourceTree = "<group>"; };
		D576F56E2A5B1B7F0004AF60 /* AddWeightInteractor.swift */ = {isa = PBXFileReference; lastKnownFileType = sourcecode.swift; path = AddWeightInteractor.swift; sourceTree = "<group>"; };
		D576F56F2A5B1B7F0004AF60 /* AddWeightViewModel.swift */ = {isa = PBXFileReference; lastKnownFileType = sourcecode.swift; path = AddWeightViewModel.swift; sourceTree = "<group>"; };
		D576F5742A5B1B8E0004AF60 /* WeighingList.storyboard */ = {isa = PBXFileReference; lastKnownFileType = file.storyboard; path = WeighingList.storyboard; sourceTree = "<group>"; };
		D576F5762A5B1BA00004AF60 /* AddWeight.storyboard */ = {isa = PBXFileReference; lastKnownFileType = file.storyboard; path = AddWeight.storyboard; sourceTree = "<group>"; };
		D580849E2B29BBB700B27E50 /* FosterAppTestPlan.xctestplan */ = {isa = PBXFileReference; fileEncoding = 4; lastKnownFileType = text; path = FosterAppTestPlan.xctestplan; sourceTree = "<group>"; };
		D581DBCD2AF9220A009B61F7 /* SettingsPresenter.swift */ = {isa = PBXFileReference; lastKnownFileType = sourcecode.swift; path = SettingsPresenter.swift; sourceTree = "<group>"; };
		D581DBCE2AF9220A009B61F7 /* SettingsViewController.swift */ = {isa = PBXFileReference; lastKnownFileType = sourcecode.swift; path = SettingsViewController.swift; sourceTree = "<group>"; };
		D581DBCF2AF9220A009B61F7 /* SettingsInteractor.swift */ = {isa = PBXFileReference; lastKnownFileType = sourcecode.swift; path = SettingsInteractor.swift; sourceTree = "<group>"; };
		D581DBD02AF9220A009B61F7 /* SettingsViewModel.swift */ = {isa = PBXFileReference; lastKnownFileType = sourcecode.swift; path = SettingsViewModel.swift; sourceTree = "<group>"; };
		D581DBD52AF92218009B61F7 /* Settings.storyboard */ = {isa = PBXFileReference; lastKnownFileType = file.storyboard; path = Settings.storyboard; sourceTree = "<group>"; };
		D585E62329D5DC7300D3ED9C /* Colors.xcassets */ = {isa = PBXFileReference; lastKnownFileType = folder.assetcatalog; path = Colors.xcassets; sourceTree = "<group>"; };
		D585E62629D5DF9C00D3ED9C /* KittenPresenter.swift */ = {isa = PBXFileReference; lastKnownFileType = sourcecode.swift; path = KittenPresenter.swift; sourceTree = "<group>"; };
		D585E62729D5DF9C00D3ED9C /* KittenViewController.swift */ = {isa = PBXFileReference; lastKnownFileType = sourcecode.swift; path = KittenViewController.swift; sourceTree = "<group>"; };
		D585E62829D5DF9C00D3ED9C /* KittenInteractor.swift */ = {isa = PBXFileReference; lastKnownFileType = sourcecode.swift; path = KittenInteractor.swift; sourceTree = "<group>"; };
		D585E62929D5DF9C00D3ED9C /* KittenViewModel.swift */ = {isa = PBXFileReference; lastKnownFileType = sourcecode.swift; path = KittenViewModel.swift; sourceTree = "<group>"; };
		D585E62E29D5DFCD00D3ED9C /* KittenCardModal.storyboard */ = {isa = PBXFileReference; lastKnownFileType = file.storyboard; path = KittenCardModal.storyboard; sourceTree = "<group>"; };
		D588684E2B752AA70044DE62 /* AdviceMockSuccess.json */ = {isa = PBXFileReference; lastKnownFileType = text.json; path = AdviceMockSuccess.json; sourceTree = "<group>"; };
		D58EEC7C2AEFE6C900B24C95 /* BaseTableViewCell.swift */ = {isa = PBXFileReference; lastKnownFileType = sourcecode.swift; path = BaseTableViewCell.swift; sourceTree = "<group>"; };
		D58EEC802AEFE71700B24C95 /* AdviceCell.swift */ = {isa = PBXFileReference; lastKnownFileType = sourcecode.swift; path = AdviceCell.swift; sourceTree = "<group>"; };
		D58EEC822AEFEA9C00B24C95 /* AdviceCell.xib */ = {isa = PBXFileReference; lastKnownFileType = file.xib; path = AdviceCell.xib; sourceTree = "<group>"; };
		D59431842AF1405300A13187 /* NavBar.storyboard */ = {isa = PBXFileReference; lastKnownFileType = file.storyboard; path = NavBar.storyboard; sourceTree = "<group>"; };
		D59512452A60391A008A6220 /* BaseTableView.swift */ = {isa = PBXFileReference; lastKnownFileType = sourcecode.swift; path = BaseTableView.swift; sourceTree = "<group>"; };
		D595EC5F29D58E1500200B46 /* SignUpPresenter.swift */ = {isa = PBXFileReference; lastKnownFileType = sourcecode.swift; path = SignUpPresenter.swift; sourceTree = "<group>"; };
		D595EC6029D58E1500200B46 /* SignUpViewController.swift */ = {isa = PBXFileReference; lastKnownFileType = sourcecode.swift; path = SignUpViewController.swift; sourceTree = "<group>"; };
		D595EC6129D58E1500200B46 /* SignUpInteractor.swift */ = {isa = PBXFileReference; lastKnownFileType = sourcecode.swift; path = SignUpInteractor.swift; sourceTree = "<group>"; };
		D595EC6229D58E1500200B46 /* SignUpViewModel.swift */ = {isa = PBXFileReference; lastKnownFileType = sourcecode.swift; path = SignUpViewModel.swift; sourceTree = "<group>"; };
		D59900CC29F6B62500F0F36D /* Alerts.swift */ = {isa = PBXFileReference; lastKnownFileType = sourcecode.swift; path = Alerts.swift; sourceTree = "<group>"; };
		D599CE2229AFB0C500542F9E /* DBWorker.swift */ = {isa = PBXFileReference; lastKnownFileType = sourcecode.swift; path = DBWorker.swift; sourceTree = "<group>"; };
		D599DE092A151A100004C165 /* BaseTest.swift */ = {isa = PBXFileReference; lastKnownFileType = sourcecode.swift; path = BaseTest.swift; sourceTree = "<group>"; };
		D59A680529E856000016F123 /* User.swift */ = {isa = PBXFileReference; lastKnownFileType = sourcecode.swift; path = User.swift; sourceTree = "<group>"; };
		D59AA7C92A03B205008AF45F /* AdvicesPresenter.swift */ = {isa = PBXFileReference; lastKnownFileType = sourcecode.swift; path = AdvicesPresenter.swift; sourceTree = "<group>"; };
		D59AA7CA2A03B205008AF45F /* AdvicesViewController.swift */ = {isa = PBXFileReference; lastKnownFileType = sourcecode.swift; path = AdvicesViewController.swift; sourceTree = "<group>"; };
		D59AA7CB2A03B205008AF45F /* AdvicesInteractor.swift */ = {isa = PBXFileReference; lastKnownFileType = sourcecode.swift; path = AdvicesInteractor.swift; sourceTree = "<group>"; };
		D59AA7CC2A03B205008AF45F /* AdvicesViewModel.swift */ = {isa = PBXFileReference; lastKnownFileType = sourcecode.swift; path = AdvicesViewModel.swift; sourceTree = "<group>"; };
		D59AA7D12A03B221008AF45F /* Advices.storyboard */ = {isa = PBXFileReference; lastKnownFileType = file.storyboard; path = Advices.storyboard; sourceTree = "<group>"; };
		D59AA7D62A03F7AE008AF45F /* AdvicesResponse.swift */ = {isa = PBXFileReference; lastKnownFileType = sourcecode.swift; path = AdvicesResponse.swift; sourceTree = "<group>"; };
		D59C72F52B728084008F8161 /* SettingsTests.swift */ = {isa = PBXFileReference; lastKnownFileType = sourcecode.swift; path = SettingsTests.swift; sourceTree = "<group>"; };
		D59C82442A8F985C00320C29 /* WeighingHistoryTests.swift */ = {isa = PBXFileReference; lastKnownFileType = sourcecode.swift; path = WeighingHistoryTests.swift; sourceTree = "<group>"; };
		D59C82462A8FB27300320C29 /* LitterHistoryTests.swift */ = {isa = PBXFileReference; fileEncoding = 4; lastKnownFileType = sourcecode.swift; path = LitterHistoryTests.swift; sourceTree = "<group>"; };
		D59D09B329DD6B6300813B35 /* InfoCardView.swift */ = {isa = PBXFileReference; lastKnownFileType = sourcecode.swift; path = InfoCardView.swift; sourceTree = "<group>"; };
		D59D09B529DD6B6300813B35 /* InfoCardViewModel.swift */ = {isa = PBXFileReference; lastKnownFileType = sourcecode.swift; path = InfoCardViewModel.swift; sourceTree = "<group>"; };
		D59D09BE29DD6CD100813B35 /* InfoCardView.xib */ = {isa = PBXFileReference; lastKnownFileType = file.xib; path = InfoCardView.xib; sourceTree = "<group>"; };
		D59DB7EA29DAC53B00306F0C /* KittenCardModalPresenter.swift */ = {isa = PBXFileReference; lastKnownFileType = sourcecode.swift; path = KittenCardModalPresenter.swift; sourceTree = "<group>"; };
		D59DB7EB29DAC53B00306F0C /* KittenCardModalViewController.swift */ = {isa = PBXFileReference; lastKnownFileType = sourcecode.swift; path = KittenCardModalViewController.swift; sourceTree = "<group>"; };
		D59DB7EC29DAC53B00306F0C /* KittenCardModalInteractor.swift */ = {isa = PBXFileReference; lastKnownFileType = sourcecode.swift; path = KittenCardModalInteractor.swift; sourceTree = "<group>"; };
		D59DB7ED29DAC53B00306F0C /* KittenCardModalViewModel.swift */ = {isa = PBXFileReference; lastKnownFileType = sourcecode.swift; path = KittenCardModalViewModel.swift; sourceTree = "<group>"; };
		D59F2AFE2B076E440014AD2C /* AnalyticsManager.swift */ = {isa = PBXFileReference; lastKnownFileType = sourcecode.swift; path = AnalyticsManager.swift; sourceTree = "<group>"; };
		D59F2B002B07708E0014AD2C /* GoogleService-Info.plist */ = {isa = PBXFileReference; lastKnownFileType = text.plist; path = "GoogleService-Info.plist"; sourceTree = SOURCE_ROOT; };
		D59FF70B2A0A6F5E00147783 /* AdvicePresenter.swift */ = {isa = PBXFileReference; lastKnownFileType = sourcecode.swift; path = AdvicePresenter.swift; sourceTree = "<group>"; };
		D59FF70C2A0A6F5E00147783 /* AdviceViewController.swift */ = {isa = PBXFileReference; lastKnownFileType = sourcecode.swift; path = AdviceViewController.swift; sourceTree = "<group>"; };
		D59FF70D2A0A6F5E00147783 /* AdviceInteractor.swift */ = {isa = PBXFileReference; lastKnownFileType = sourcecode.swift; path = AdviceInteractor.swift; sourceTree = "<group>"; };
		D59FF70E2A0A6F5E00147783 /* AdviceViewModel.swift */ = {isa = PBXFileReference; lastKnownFileType = sourcecode.swift; path = AdviceViewModel.swift; sourceTree = "<group>"; };
		D59FF7132A0A6F6900147783 /* Advice.storyboard */ = {isa = PBXFileReference; lastKnownFileType = file.storyboard; path = Advice.storyboard; sourceTree = "<group>"; };
		D5A073BF29AE10B000202F0A /* DB_Kitten.swift */ = {isa = PBXFileReference; lastKnownFileType = sourcecode.swift; path = DB_Kitten.swift; sourceTree = "<group>"; };
		D5A073C129AE10C000202F0A /* DB_Adopter.swift */ = {isa = PBXFileReference; lastKnownFileType = sourcecode.swift; path = DB_Adopter.swift; sourceTree = "<group>"; };
		D5A073C329AE10CD00202F0A /* DB_Weighing.swift */ = {isa = PBXFileReference; lastKnownFileType = sourcecode.swift; path = DB_Weighing.swift; sourceTree = "<group>"; };
		D5A073C529AE113A00202F0A /* DB_Vaccine.swift */ = {isa = PBXFileReference; lastKnownFileType = sourcecode.swift; path = DB_Vaccine.swift; sourceTree = "<group>"; };
		D5A073C729AE3CD100202F0A /* Vaccine.swift */ = {isa = PBXFileReference; lastKnownFileType = sourcecode.swift; path = Vaccine.swift; sourceTree = "<group>"; };
		D5A073C929AE412500202F0A /* Weighing.swift */ = {isa = PBXFileReference; lastKnownFileType = sourcecode.swift; path = Weighing.swift; sourceTree = "<group>"; };
		D5A073CB29AE45CE00202F0A /* DB_Litter.swift */ = {isa = PBXFileReference; lastKnownFileType = sourcecode.swift; path = DB_Litter.swift; sourceTree = "<group>"; };
		D5A1255E2A2F297200BA69C9 /* LoginTests.swift */ = {isa = PBXFileReference; lastKnownFileType = sourcecode.swift; path = LoginTests.swift; sourceTree = "<group>"; };
		D5A125602A2F2ED400BA69C9 /* AuthResultMock.swift */ = {isa = PBXFileReference; lastKnownFileType = sourcecode.swift; path = AuthResultMock.swift; sourceTree = "<group>"; };
		D5A125622A2F64A800BA69C9 /* UserWorker.swift */ = {isa = PBXFileReference; lastKnownFileType = sourcecode.swift; path = UserWorker.swift; sourceTree = "<group>"; };
		D5A125642A2F6B3C00BA69C9 /* SignUpTests.swift */ = {isa = PBXFileReference; lastKnownFileType = sourcecode.swift; path = SignUpTests.swift; sourceTree = "<group>"; };
		D5A1894F2ACD81580092B059 /* Tile.swift */ = {isa = PBXFileReference; lastKnownFileType = sourcecode.swift; path = Tile.swift; sourceTree = "<group>"; };
		D5A189542ACD82340092B059 /* Tile.xib */ = {isa = PBXFileReference; lastKnownFileType = file.xib; path = Tile.xib; sourceTree = "<group>"; };
		D5AC4B1D2A1E0239008B0C43 /* Extension+UserDefaults.swift */ = {isa = PBXFileReference; lastKnownFileType = sourcecode.swift; path = "Extension+UserDefaults.swift"; sourceTree = "<group>"; };
		D5AC4B202A1E3BC3008B0C43 /* APIRequestMock.swift */ = {isa = PBXFileReference; lastKnownFileType = sourcecode.swift; path = APIRequestMock.swift; sourceTree = "<group>"; };
		D5B048B32B0BA58600BC2F93 /* Loader.swift */ = {isa = PBXFileReference; lastKnownFileType = sourcecode.swift; path = Loader.swift; sourceTree = "<group>"; };
		D5B048B62B0CB84500BC2F93 /* ChooseAppIconPresenter.swift */ = {isa = PBXFileReference; lastKnownFileType = sourcecode.swift; name = ChooseAppIconPresenter.swift; path = FosterApp/Modules/Settings/ChooseAppIcon/ChooseAppIconPresenter.swift; sourceTree = SOURCE_ROOT; };
		D5B048B72B0CB84500BC2F93 /* ChooseAppIconViewController.swift */ = {isa = PBXFileReference; lastKnownFileType = sourcecode.swift; name = ChooseAppIconViewController.swift; path = FosterApp/Modules/Settings/ChooseAppIcon/ChooseAppIconViewController.swift; sourceTree = SOURCE_ROOT; };
		D5B048B82B0CB84500BC2F93 /* ChooseAppIconInteractor.swift */ = {isa = PBXFileReference; lastKnownFileType = sourcecode.swift; name = ChooseAppIconInteractor.swift; path = FosterApp/Modules/Settings/ChooseAppIcon/ChooseAppIconInteractor.swift; sourceTree = SOURCE_ROOT; };
		D5B048B92B0CB84500BC2F93 /* ChooseAppIconViewModel.swift */ = {isa = PBXFileReference; lastKnownFileType = sourcecode.swift; name = ChooseAppIconViewModel.swift; path = FosterApp/Modules/Settings/ChooseAppIcon/ChooseAppIconViewModel.swift; sourceTree = SOURCE_ROOT; };
		D5B048BE2B0CB87800BC2F93 /* ChooseAppIcon.storyboard */ = {isa = PBXFileReference; lastKnownFileType = file.storyboard; name = ChooseAppIcon.storyboard; path = FosterApp/Modules/Settings/ChooseAppIcon/ChooseAppIcon.storyboard; sourceTree = SOURCE_ROOT; };
		D5B143632A1B5D9C00FA5418 /* FosterAppTests.xctest */ = {isa = PBXFileReference; explicitFileType = wrapper.cfbundle; includeInIndex = 0; path = FosterAppTests.xctest; sourceTree = BUILT_PRODUCTS_DIR; };
		D5B1436D2A1B5E7A00FA5418 /* BaseTest.swift */ = {isa = PBXFileReference; lastKnownFileType = sourcecode.swift; path = BaseTest.swift; sourceTree = "<group>"; };
		D5B1436F2A1B67AC00FA5418 /* APIWorker.swift */ = {isa = PBXFileReference; lastKnownFileType = sourcecode.swift; path = APIWorker.swift; sourceTree = "<group>"; };
		D5B143712A1B693A00FA5418 /* APIRequest.swift */ = {isa = PBXFileReference; lastKnownFileType = sourcecode.swift; path = APIRequest.swift; sourceTree = "<group>"; };
		D5B143752A1B94B800FA5418 /* AdvicesResponseFail.json */ = {isa = PBXFileReference; lastKnownFileType = text.json; path = AdvicesResponseFail.json; sourceTree = "<group>"; };
		D5B1437E2A1B9D9600FA5418 /* AdvicesTests.swift */ = {isa = PBXFileReference; lastKnownFileType = sourcecode.swift; path = AdvicesTests.swift; sourceTree = "<group>"; };
		D5B143802A1B9E0400FA5418 /* KittenCardTests.swift */ = {isa = PBXFileReference; lastKnownFileType = sourcecode.swift; path = KittenCardTests.swift; sourceTree = "<group>"; };
		D5B143862A1B9F4700FA5418 /* LitterTests.swift */ = {isa = PBXFileReference; lastKnownFileType = sourcecode.swift; path = LitterTests.swift; sourceTree = "<group>"; };
		D5B143882A1B9F5200FA5418 /* HomeTests.swift */ = {isa = PBXFileReference; lastKnownFileType = sourcecode.swift; path = HomeTests.swift; sourceTree = "<group>"; };
		D5B48FE32AA1F14B0055C81B /* ButtonPink.swift */ = {isa = PBXFileReference; lastKnownFileType = sourcecode.swift; path = ButtonPink.swift; sourceTree = "<group>"; };
		D5B48FE52AA1F4500055C81B /* ButtonBeige.swift */ = {isa = PBXFileReference; lastKnownFileType = sourcecode.swift; path = ButtonBeige.swift; sourceTree = "<group>"; };
		D5B5E24429D4697C00A84476 /* LoginPresenter.swift */ = {isa = PBXFileReference; lastKnownFileType = sourcecode.swift; path = LoginPresenter.swift; sourceTree = "<group>"; };
		D5B5E24529D4697C00A84476 /* LoginViewController.swift */ = {isa = PBXFileReference; lastKnownFileType = sourcecode.swift; path = LoginViewController.swift; sourceTree = "<group>"; };
		D5B5E24629D4697C00A84476 /* LoginInteractor.swift */ = {isa = PBXFileReference; lastKnownFileType = sourcecode.swift; path = LoginInteractor.swift; sourceTree = "<group>"; };
		D5B5E24729D4697C00A84476 /* LoginViewModel.swift */ = {isa = PBXFileReference; lastKnownFileType = sourcecode.swift; path = LoginViewModel.swift; sourceTree = "<group>"; };
		D5B5E24E29D46E3C00A84476 /* GoogleService-Info.plist */ = {isa = PBXFileReference; fileEncoding = 4; lastKnownFileType = text.plist.xml; path = "GoogleService-Info.plist"; sourceTree = "<group>"; };
		D5C7D9B029F0195900885C48 /* Login.storyboard */ = {isa = PBXFileReference; lastKnownFileType = file.storyboard; path = Login.storyboard; sourceTree = "<group>"; };
		D5C7D9B229F0196C00885C48 /* SignUp.storyboard */ = {isa = PBXFileReference; lastKnownFileType = file.storyboard; path = SignUp.storyboard; sourceTree = "<group>"; };
		D5E9295029ACFAAC00ACDAEE /* TabBar.storyboard */ = {isa = PBXFileReference; lastKnownFileType = file.storyboard; path = TabBar.storyboard; sourceTree = "<group>"; };
		D5E9295229AD0D6F00ACDAEE /* Litter.swift */ = {isa = PBXFileReference; lastKnownFileType = sourcecode.swift; path = Litter.swift; sourceTree = "<group>"; };
		D5E9295629AD16B700ACDAEE /* FosterApp.xcdatamodel */ = {isa = PBXFileReference; lastKnownFileType = wrapper.xcdatamodel; path = FosterApp.xcdatamodel; sourceTree = "<group>"; };
		D5F0C6F329A90BEA002A0F65 /* FosterApp.app */ = {isa = PBXFileReference; explicitFileType = wrapper.application; includeInIndex = 0; path = FosterApp.app; sourceTree = BUILT_PRODUCTS_DIR; };
		D5F0C6F629A90BEA002A0F65 /* AppDelegate.swift */ = {isa = PBXFileReference; lastKnownFileType = sourcecode.swift; path = AppDelegate.swift; sourceTree = "<group>"; };
		D5F0C6F829A90BEA002A0F65 /* SceneDelegate.swift */ = {isa = PBXFileReference; lastKnownFileType = sourcecode.swift; path = SceneDelegate.swift; sourceTree = "<group>"; };
		D5F0C6FF29A90BEF002A0F65 /* Assets.xcassets */ = {isa = PBXFileReference; lastKnownFileType = folder.assetcatalog; path = Assets.xcassets; sourceTree = "<group>"; };
		D5F0C70229A90BEF002A0F65 /* Base */ = {isa = PBXFileReference; lastKnownFileType = file.storyboard; name = Base; path = Base.lproj/LaunchScreen.storyboard; sourceTree = "<group>"; };
		D5F0C70429A90BEF002A0F65 /* Info.plist */ = {isa = PBXFileReference; lastKnownFileType = text.plist.xml; path = Info.plist; sourceTree = "<group>"; };
		D5F0C70E29A90D85002A0F65 /* KittenCardPresenter.swift */ = {isa = PBXFileReference; lastKnownFileType = sourcecode.swift; path = KittenCardPresenter.swift; sourceTree = "<group>"; };
		D5F0C70F29A90D85002A0F65 /* KittenCardViewController.swift */ = {isa = PBXFileReference; lastKnownFileType = sourcecode.swift; path = KittenCardViewController.swift; sourceTree = "<group>"; };
		D5F0C71029A90D85002A0F65 /* KittenCardInteractor.swift */ = {isa = PBXFileReference; lastKnownFileType = sourcecode.swift; path = KittenCardInteractor.swift; sourceTree = "<group>"; };
		D5F0C71129A90D85002A0F65 /* KittenCardViewModel.swift */ = {isa = PBXFileReference; lastKnownFileType = sourcecode.swift; path = KittenCardViewModel.swift; sourceTree = "<group>"; };
		D5F0C71929A90E48002A0F65 /* KittenCard.storyboard */ = {isa = PBXFileReference; lastKnownFileType = file.storyboard; path = KittenCard.storyboard; sourceTree = "<group>"; };
		D5F0C71D29A91B86002A0F65 /* Kitten.swift */ = {isa = PBXFileReference; lastKnownFileType = sourcecode.swift; path = Kitten.swift; sourceTree = "<group>"; };
		D5F0C72029A91D2D002A0F65 /* LitterPresenter.swift */ = {isa = PBXFileReference; lastKnownFileType = sourcecode.swift; path = LitterPresenter.swift; sourceTree = "<group>"; };
		D5F0C72129A91D2D002A0F65 /* LitterViewController.swift */ = {isa = PBXFileReference; lastKnownFileType = sourcecode.swift; path = LitterViewController.swift; sourceTree = "<group>"; };
		D5F0C72229A91D2D002A0F65 /* LitterInteractor.swift */ = {isa = PBXFileReference; lastKnownFileType = sourcecode.swift; path = LitterInteractor.swift; sourceTree = "<group>"; };
		D5F0C72329A91D2D002A0F65 /* LitterViewModel.swift */ = {isa = PBXFileReference; lastKnownFileType = sourcecode.swift; path = LitterViewModel.swift; sourceTree = "<group>"; };
		D5F0C72829A91D3C002A0F65 /* Litter.storyboard */ = {isa = PBXFileReference; lastKnownFileType = file.storyboard; path = Litter.storyboard; sourceTree = "<group>"; };
		D5FCBA3129CA09D3008985C9 /* DatePickerField.swift */ = {isa = PBXFileReference; lastKnownFileType = sourcecode.swift; path = DatePickerField.swift; sourceTree = "<group>"; };
		D81990801C67DE0C6FAAB50D /* Pods_FosterApp.framework */ = {isa = PBXFileReference; explicitFileType = wrapper.framework; includeInIndex = 0; path = Pods_FosterApp.framework; sourceTree = BUILT_PRODUCTS_DIR; };
/* End PBXFileReference section */

/* Begin PBXFrameworksBuildPhase section */
		D5B143602A1B5D9C00FA5418 /* Frameworks */ = {
			isa = PBXFrameworksBuildPhase;
			buildActionMask = 2147483647;
			files = (
				254EFAD2506E36CB75634C55 /* Pods_FosterAppTests.framework in Frameworks */,
			);
			runOnlyForDeploymentPostprocessing = 0;
		};
		D5F0C6F029A90BEA002A0F65 /* Frameworks */ = {
			isa = PBXFrameworksBuildPhase;
			buildActionMask = 2147483647;
			files = (
				6794FC8A6FA8CE952A17437F /* Pods_FosterApp.framework in Frameworks */,
			);
			runOnlyForDeploymentPostprocessing = 0;
		};
/* End PBXFrameworksBuildPhase section */

/* Begin PBXGroup section */
		800CD8B0F644CEEBC7276476 /* Pods */ = {
			isa = PBXGroup;
			children = (
				50A0D4DD42B6EDA0EDCC6221 /* Pods-FosterApp.debug.xcconfig */,
				4A4D04655A2C7EAB32D6B24A /* Pods-FosterApp.release.xcconfig */,
				818E39564CBAC5BC9BB16FAE /* Pods-FosterAppTests.debug.xcconfig */,
				14DAA767AF140E2D64A78426 /* Pods-FosterAppTests.release.xcconfig */,
			);
			path = Pods;
			sourceTree = "<group>";
		};
		D56087F729DB128800F47783 /* Recovered References */ = {
			isa = PBXGroup;
			children = (
				D585E62929D5DF9C00D3ED9C /* KittenViewModel.swift */,
				D585E62829D5DF9C00D3ED9C /* KittenInteractor.swift */,
				D585E62629D5DF9C00D3ED9C /* KittenPresenter.swift */,
				D585E62729D5DF9C00D3ED9C /* KittenViewController.swift */,
			);
			name = "Recovered References";
			sourceTree = "<group>";
		};
		D572729929ACA77500A9C72E /* Base */ = {
			isa = PBXGroup;
			children = (
				D572729A29ACA79100A9C72E /* BaseViewController.swift */,
				D572729B29ACA79100A9C72E /* ViewModel.swift */,
				D572729C29ACA79100A9C72E /* Interactor.swift */,
				D572729D29ACA79100A9C72E /* Presenter.swift */,
				D572729E29ACA79100A9C72E /* LoaderView.swift */,
				D59512452A60391A008A6220 /* BaseTableView.swift */,
			);
			path = Base;
			sourceTree = "<group>";
		};
		D57272BC29ACE6CD00A9C72E /* Helpers */ = {
			isa = PBXGroup;
			children = (
				D5B048B22B0BA57900BC2F93 /* Loader */,
				D59F2AFD2B076E2F0014AD2C /* Analytics */,
				D599DE082A1519CE0004C165 /* BaseTest */,
				D5A145FF29BA45BF00E2327B /* Extensions */,
				D57272BD29ACE6D300A9C72E /* Components */,
			);
			path = Helpers;
			sourceTree = "<group>";
		};
		D57272BD29ACE6D300A9C72E /* Components */ = {
			isa = PBXGroup;
			children = (
				D5A189512ACD81BB0092B059 /* Tile */,
				D57272BE29ACE6F600A9C72E /* AddButton.swift */,
				D5FCBA3129CA09D3008985C9 /* DatePickerField.swift */,
				D59900CC29F6B62500F0F36D /* Alerts.swift */,
				D5B48FE32AA1F14B0055C81B /* ButtonPink.swift */,
				D5B48FE52AA1F4500055C81B /* ButtonBeige.swift */,
				D58EEC7C2AEFE6C900B24C95 /* BaseTableViewCell.swift */,
			);
			path = Components;
			sourceTree = "<group>";
		};
		D57272C029ACEA9B00A9C72E /* LitterHistory */ = {
			isa = PBXGroup;
			children = (
				D57272C229ACEAB900A9C72E /* LitterHistoryViewController.swift */,
				D57272C329ACEAB900A9C72E /* LitterHistoryInteractor.swift */,
				D57272C129ACEAB900A9C72E /* LitterHistoryPresenter.swift */,
				D57272C429ACEAB900A9C72E /* LitterHistoryViewModel.swift */,
				D57272C929ACEAD700A9C72E /* LitterHistory.storyboard */,
			);
			path = LitterHistory;
			sourceTree = "<group>";
		};
		D57272CB29ACF4DB00A9C72E /* Home */ = {
			isa = PBXGroup;
			children = (
				D57272CD29ACF4F200A9C72E /* HomeViewController.swift */,
				D57272CE29ACF4F200A9C72E /* HomeInteractor.swift */,
				D57272CC29ACF4F200A9C72E /* HomePresenter.swift */,
				D57272CF29ACF4F200A9C72E /* HomeViewModel.swift */,
				D57272D429ACF50100A9C72E /* Home.storyboard */,
			);
			path = Home;
			sourceTree = "<group>";
		};
		D576F5612A5B1AE70004AF60 /* Weighing */ = {
			isa = PBXGroup;
			children = (
				D576F5632A5B1B320004AF60 /* AddWeight */,
				D576F5622A5B1B1E0004AF60 /* WeighingList */,
			);
			path = Weighing;
			sourceTree = "<group>";
		};
		D576F5622A5B1B1E0004AF60 /* WeighingList */ = {
			isa = PBXGroup;
			children = (
				D576F5652A5B1B6B0004AF60 /* WeighingListViewController.swift */,
				D576F5662A5B1B6B0004AF60 /* WeighingListInteractor.swift */,
				D576F5642A5B1B6B0004AF60 /* WeighingListPresenter.swift */,
				D576F5672A5B1B6B0004AF60 /* WeighingListViewModel.swift */,
				D576F5742A5B1B8E0004AF60 /* WeighingList.storyboard */,
			);
			path = WeighingList;
			sourceTree = "<group>";
		};
		D576F5632A5B1B320004AF60 /* AddWeight */ = {
			isa = PBXGroup;
			children = (
				D576F56D2A5B1B7F0004AF60 /* AddWeightViewController.swift */,
				D576F56E2A5B1B7F0004AF60 /* AddWeightInteractor.swift */,
				D576F56C2A5B1B7F0004AF60 /* AddWeightPresenter.swift */,
				D576F56F2A5B1B7F0004AF60 /* AddWeightViewModel.swift */,
				D576F5762A5B1BA00004AF60 /* AddWeight.storyboard */,
			);
			path = AddWeight;
			sourceTree = "<group>";
		};
		D581DBCC2AF921B2009B61F7 /* Settings */ = {
			isa = PBXGroup;
			children = (
				D5B048B52B0CB81800BC2F93 /* ChangeAppIcon */,
				D581DBCE2AF9220A009B61F7 /* SettingsViewController.swift */,
				D581DBCF2AF9220A009B61F7 /* SettingsInteractor.swift */,
				D581DBCD2AF9220A009B61F7 /* SettingsPresenter.swift */,
				D581DBD02AF9220A009B61F7 /* SettingsViewModel.swift */,
				D581DBD52AF92218009B61F7 /* Settings.storyboard */,
			);
			path = Settings;
			sourceTree = "<group>";
		};
		D585E62529D5DF6E00D3ED9C /* KittenCardModal */ = {
			isa = PBXGroup;
			children = (
				D59DB7EB29DAC53B00306F0C /* KittenCardModalViewController.swift */,
				D59DB7EC29DAC53B00306F0C /* KittenCardModalInteractor.swift */,
				D59DB7EA29DAC53B00306F0C /* KittenCardModalPresenter.swift */,
				D59DB7ED29DAC53B00306F0C /* KittenCardModalViewModel.swift */,
				D585E62E29D5DFCD00D3ED9C /* KittenCardModal.storyboard */,
			);
			path = KittenCardModal;
			sourceTree = "<group>";
		};
		D58EEC7F2AEFE70300B24C95 /* AdviceCell */ = {
			isa = PBXGroup;
			children = (
				D58EEC802AEFE71700B24C95 /* AdviceCell.swift */,
				D58EEC822AEFEA9C00B24C95 /* AdviceCell.xib */,
			);
			path = AdviceCell;
			sourceTree = "<group>";
		};
		D59431832AF1403200A13187 /* NavBar */ = {
			isa = PBXGroup;
			children = (
				D59431842AF1405300A13187 /* NavBar.storyboard */,
			);
			path = NavBar;
			sourceTree = "<group>";
		};
		D595EC5E29D58DEC00200B46 /* SignUp */ = {
			isa = PBXGroup;
			children = (
				D595EC6029D58E1500200B46 /* SignUpViewController.swift */,
				D595EC6129D58E1500200B46 /* SignUpInteractor.swift */,
				D595EC5F29D58E1500200B46 /* SignUpPresenter.swift */,
				D595EC6229D58E1500200B46 /* SignUpViewModel.swift */,
				D5C7D9B229F0196C00885C48 /* SignUp.storyboard */,
			);
			path = SignUp;
			sourceTree = "<group>";
		};
		D599DE082A1519CE0004C165 /* BaseTest */ = {
			isa = PBXGroup;
			children = (
				D599DE092A151A100004C165 /* BaseTest.swift */,
			);
			path = BaseTest;
			sourceTree = "<group>";
		};
		D59AA7C82A03B1DC008AF45F /* Advices */ = {
			isa = PBXGroup;
			children = (
				D58EEC7F2AEFE70300B24C95 /* AdviceCell */,
				D59FF70A2A0A6F2A00147783 /* Advice */,
				D59AA7CA2A03B205008AF45F /* AdvicesViewController.swift */,
				D59AA7CB2A03B205008AF45F /* AdvicesInteractor.swift */,
				D59AA7C92A03B205008AF45F /* AdvicesPresenter.swift */,
				D59AA7CC2A03B205008AF45F /* AdvicesViewModel.swift */,
				D59AA7D12A03B221008AF45F /* Advices.storyboard */,
			);
			path = Advices;
			sourceTree = "<group>";
		};
		D59AA7D32A03DA0D008AF45F /* Advices */ = {
			isa = PBXGroup;
			children = (
				D59AA7D62A03F7AE008AF45F /* AdvicesResponse.swift */,
			);
			path = Advices;
			sourceTree = "<group>";
		};
		D59C72F42B72804B008F8161 /* SettingsTests */ = {
			isa = PBXGroup;
			children = (
				D59C72F52B728084008F8161 /* SettingsTests.swift */,
			);
			path = SettingsTests;
			sourceTree = "<group>";
		};
		D59C82412A8F66C800320C29 /* WeighingHistoryTests */ = {
			isa = PBXGroup;
			children = (
				D59C82442A8F985C00320C29 /* WeighingHistoryTests.swift */,
			);
			path = WeighingHistoryTests;
			sourceTree = "<group>";
		};
		D59D09AE29DD6A6F00813B35 /* Views */ = {
			isa = PBXGroup;
			children = (
				D59D09AF29DD6B1300813B35 /* InfoCards */,
			);
			path = Views;
			sourceTree = "<group>";
		};
		D59D09AF29DD6B1300813B35 /* InfoCards */ = {
			isa = PBXGroup;
			children = (
				D59D09B329DD6B6300813B35 /* InfoCardView.swift */,
				D59D09B529DD6B6300813B35 /* InfoCardViewModel.swift */,
				D59D09BE29DD6CD100813B35 /* InfoCardView.xib */,
			);
			path = InfoCards;
			sourceTree = "<group>";
		};
		D59F2AFD2B076E2F0014AD2C /* Analytics */ = {
			isa = PBXGroup;
			children = (
				D59F2AFE2B076E440014AD2C /* AnalyticsManager.swift */,
			);
			path = Analytics;
			sourceTree = "<group>";
		};
		D59FF70A2A0A6F2A00147783 /* Advice */ = {
			isa = PBXGroup;
			children = (
				D59FF70C2A0A6F5E00147783 /* AdviceViewController.swift */,
				D59FF70D2A0A6F5E00147783 /* AdviceInteractor.swift */,
				D59FF70B2A0A6F5E00147783 /* AdvicePresenter.swift */,
				D59FF70E2A0A6F5E00147783 /* AdviceViewModel.swift */,
				D59FF7132A0A6F6900147783 /* Advice.storyboard */,
			);
			path = Advice;
			sourceTree = "<group>";
		};
		D5A073CD29AE5A2700202F0A /* Workers */ = {
			isa = PBXGroup;
			children = (
				D599CE2229AFB0C500542F9E /* DBWorker.swift */,
				D5B1436F2A1B67AC00FA5418 /* APIWorker.swift */,
				D5B143712A1B693A00FA5418 /* APIRequest.swift */,
				D5A125622A2F64A800BA69C9 /* UserWorker.swift */,
			);
			path = Workers;
			sourceTree = "<group>";
		};
		D5A145FF29BA45BF00E2327B /* Extensions */ = {
			isa = PBXGroup;
			children = (
				D5AC4B1D2A1E0239008B0C43 /* Extension+UserDefaults.swift */,
			);
			path = Extensions;
			sourceTree = "<group>";
		};
		D5A1460229BB490600E2327B /* Mocks */ = {
			isa = PBXGroup;
			children = (
				D5B143752A1B94B800FA5418 /* AdvicesResponseFail.json */,
				D588684E2B752AA70044DE62 /* AdviceMockSuccess.json */,
				D5AC4B202A1E3BC3008B0C43 /* APIRequestMock.swift */,
				D5A125602A2F2ED400BA69C9 /* AuthResultMock.swift */,
			);
			path = Mocks;
			sourceTree = "<group>";
		};
		D5A189512ACD81BB0092B059 /* Tile */ = {
			isa = PBXGroup;
			children = (
				D5A1894F2ACD81580092B059 /* Tile.swift */,
				D5A189542ACD82340092B059 /* Tile.xib */,
			);
			path = Tile;
			sourceTree = "<group>";
		};
		D5B048B22B0BA57900BC2F93 /* Loader */ = {
			isa = PBXGroup;
			children = (
				D5B048B32B0BA58600BC2F93 /* Loader.swift */,
			);
			path = Loader;
			sourceTree = "<group>";
		};
		D5B048B52B0CB81800BC2F93 /* ChangeAppIcon */ = {
			isa = PBXGroup;
			children = (
				D5B048B72B0CB84500BC2F93 /* ChooseAppIconViewController.swift */,
				D5B048B82B0CB84500BC2F93 /* ChooseAppIconInteractor.swift */,
				D5B048B62B0CB84500BC2F93 /* ChooseAppIconPresenter.swift */,
				D5B048B92B0CB84500BC2F93 /* ChooseAppIconViewModel.swift */,
				D5B048BE2B0CB87800BC2F93 /* ChooseAppIcon.storyboard */,
			);
			path = ChangeAppIcon;
			sourceTree = "<group>";
		};
		D5B143642A1B5D9C00FA5418 /* FosterAppTests */ = {
			isa = PBXGroup;
			children = (
				D580849E2B29BBB700B27E50 /* FosterAppTestPlan.xctestplan */,
				D5A1460229BB490600E2327B /* Mocks */,
				D5B1436C2A1B5E6800FA5418 /* BaseTest */,
			);
			path = FosterAppTests;
			sourceTree = "<group>";
		};
		D5B1436C2A1B5E6800FA5418 /* BaseTest */ = {
			isa = PBXGroup;
			children = (
				D59C72F42B72804B008F8161 /* SettingsTests */,
				D59C82412A8F66C800320C29 /* WeighingHistoryTests */,
				D5B1437D2A1B9D5C00FA5418 /* KittenCardTests */,
				D5B1437C2A1B9D4A00FA5418 /* LitterHistoryTests */,
				D5B1437B2A1B9D4000FA5418 /* LitterTests */,
				D5B1437A2A1B9D3500FA5418 /* HomeTests */,
				D5B143792A1B9D2E00FA5418 /* LoginTests */,
				D5B143782A1B9D2300FA5418 /* SignUpTests */,
				D5B143772A1B9CDD00FA5418 /* AdvicesTests */,
				D5B1436D2A1B5E7A00FA5418 /* BaseTest.swift */,
			);
			path = BaseTest;
			sourceTree = "<group>";
		};
		D5B143772A1B9CDD00FA5418 /* AdvicesTests */ = {
			isa = PBXGroup;
			children = (
				D5B1437E2A1B9D9600FA5418 /* AdvicesTests.swift */,
			);
			path = AdvicesTests;
			sourceTree = "<group>";
		};
		D5B143782A1B9D2300FA5418 /* SignUpTests */ = {
			isa = PBXGroup;
			children = (
				D5A125642A2F6B3C00BA69C9 /* SignUpTests.swift */,
			);
			path = SignUpTests;
			sourceTree = "<group>";
		};
		D5B143792A1B9D2E00FA5418 /* LoginTests */ = {
			isa = PBXGroup;
			children = (
				D5A1255E2A2F297200BA69C9 /* LoginTests.swift */,
			);
			path = LoginTests;
			sourceTree = "<group>";
		};
		D5B1437A2A1B9D3500FA5418 /* HomeTests */ = {
			isa = PBXGroup;
			children = (
				D5B143882A1B9F5200FA5418 /* HomeTests.swift */,
			);
			path = HomeTests;
			sourceTree = "<group>";
		};
		D5B1437B2A1B9D4000FA5418 /* LitterTests */ = {
			isa = PBXGroup;
			children = (
				D5B143862A1B9F4700FA5418 /* LitterTests.swift */,
			);
			path = LitterTests;
			sourceTree = "<group>";
		};
		D5B1437C2A1B9D4A00FA5418 /* LitterHistoryTests */ = {
			isa = PBXGroup;
			children = (
				D59C82462A8FB27300320C29 /* LitterHistoryTests.swift */,
			);
			path = LitterHistoryTests;
			sourceTree = "<group>";
		};
		D5B1437D2A1B9D5C00FA5418 /* KittenCardTests */ = {
			isa = PBXGroup;
			children = (
				D5B143802A1B9E0400FA5418 /* KittenCardTests.swift */,
			);
			path = KittenCardTests;
			sourceTree = "<group>";
		};
		D5B5E24329D4694D00A84476 /* Login  */ = {
			isa = PBXGroup;
			children = (
				D5B5E24529D4697C00A84476 /* LoginViewController.swift */,
				D5B5E24629D4697C00A84476 /* LoginInteractor.swift */,
				D5B5E24429D4697C00A84476 /* LoginPresenter.swift */,
				D5B5E24729D4697C00A84476 /* LoginViewModel.swift */,
				D5C7D9B029F0195900885C48 /* Login.storyboard */,
			);
			path = "Login ";
			sourceTree = "<group>";
		};
		D5E9295429AD169400ACDAEE /* CoreData */ = {
			isa = PBXGroup;
			children = (
				D5E9295529AD16B700ACDAEE /* FosterApp.xcdatamodeld */,
				D5A073BF29AE10B000202F0A /* DB_Kitten.swift */,
				D5A073C129AE10C000202F0A /* DB_Adopter.swift */,
				D5A073C329AE10CD00202F0A /* DB_Weighing.swift */,
				D5A073C529AE113A00202F0A /* DB_Vaccine.swift */,
				D5A073CB29AE45CE00202F0A /* DB_Litter.swift */,
			);
			path = CoreData;
			sourceTree = "<group>";
		};
		D5F0C6EA29A90BEA002A0F65 = {
			isa = PBXGroup;
			children = (
				D5F0C6F529A90BEA002A0F65 /* FosterApp */,
				D5B5E24E29D46E3C00A84476 /* GoogleService-Info.plist */,
				D5B143642A1B5D9C00FA5418 /* FosterAppTests */,
				D5F0C6F429A90BEA002A0F65 /* Products */,
				800CD8B0F644CEEBC7276476 /* Pods */,
				E485B780F421769D7DD67366 /* Frameworks */,
				D56087F729DB128800F47783 /* Recovered References */,
			);
			sourceTree = "<group>";
		};
		D5F0C6F429A90BEA002A0F65 /* Products */ = {
			isa = PBXGroup;
			children = (
				D5F0C6F329A90BEA002A0F65 /* FosterApp.app */,
				D5B143632A1B5D9C00FA5418 /* FosterAppTests.xctest */,
			);
			name = Products;
			sourceTree = "<group>";
		};
		D5F0C6F529A90BEA002A0F65 /* FosterApp */ = {
			isa = PBXGroup;
			children = (
				D5A073CD29AE5A2700202F0A /* Workers */,
				D57272BC29ACE6CD00A9C72E /* Helpers */,
				D5F0C71B29A91B66002A0F65 /* Data */,
				D5F0C70C29A90CCB002A0F65 /* Resources */,
				D5F0C70A29A90C17002A0F65 /* Modules */,
			);
			path = FosterApp;
			sourceTree = "<group>";
		};
		D5F0C70A29A90C17002A0F65 /* Modules */ = {
			isa = PBXGroup;
			children = (
				D581DBCC2AF921B2009B61F7 /* Settings */,
				D59431832AF1403200A13187 /* NavBar */,
				D576F5612A5B1AE70004AF60 /* Weighing */,
				D59AA7C82A03B1DC008AF45F /* Advices */,
				D595EC5E29D58DEC00200B46 /* SignUp */,
				D5B5E24329D4694D00A84476 /* Login  */,
				D57272CB29ACF4DB00A9C72E /* Home */,
				D57272C029ACEA9B00A9C72E /* LitterHistory */,
				D5F0C71F29A91D15002A0F65 /* Litter */,
				D5F0C71629A90DC4002A0F65 /* TabBar */,
				D5F0C70D29A90D54002A0F65 /* KittenCard */,
				D585E62529D5DF6E00D3ED9C /* KittenCardModal */,
				D5F0C70B29A90CA4002A0F65 /* App */,
			);
			path = Modules;
			sourceTree = "<group>";
		};
		D5F0C70B29A90CA4002A0F65 /* App */ = {
			isa = PBXGroup;
			children = (
				D5F0C6F629A90BEA002A0F65 /* AppDelegate.swift */,
				D5F0C6F829A90BEA002A0F65 /* SceneDelegate.swift */,
				D5F0C70129A90BEF002A0F65 /* LaunchScreen.storyboard */,
			);
			path = App;
			sourceTree = "<group>";
		};
		D5F0C70C29A90CCB002A0F65 /* Resources */ = {
			isa = PBXGroup;
			children = (
				D572729929ACA77500A9C72E /* Base */,
				D5F0C6FF29A90BEF002A0F65 /* Assets.xcassets */,
				D59F2B002B07708E0014AD2C /* GoogleService-Info.plist */,
				D5F0C70429A90BEF002A0F65 /* Info.plist */,
				D585E62329D5DC7300D3ED9C /* Colors.xcassets */,
			);
			path = Resources;
			sourceTree = "<group>";
		};
		D5F0C70D29A90D54002A0F65 /* KittenCard */ = {
			isa = PBXGroup;
			children = (
				D59D09AE29DD6A6F00813B35 /* Views */,
				D5F0C70F29A90D85002A0F65 /* KittenCardViewController.swift */,
				D5F0C71029A90D85002A0F65 /* KittenCardInteractor.swift */,
				D5F0C70E29A90D85002A0F65 /* KittenCardPresenter.swift */,
				D5F0C71129A90D85002A0F65 /* KittenCardViewModel.swift */,
				D5F0C71929A90E48002A0F65 /* KittenCard.storyboard */,
			);
			path = KittenCard;
			sourceTree = "<group>";
		};
		D5F0C71629A90DC4002A0F65 /* TabBar */ = {
			isa = PBXGroup;
			children = (
				D5E9295029ACFAAC00ACDAEE /* TabBar.storyboard */,
			);
			path = TabBar;
			sourceTree = "<group>";
		};
		D5F0C71B29A91B66002A0F65 /* Data */ = {
			isa = PBXGroup;
			children = (
				D59AA7D32A03DA0D008AF45F /* Advices */,
				D5E9295429AD169400ACDAEE /* CoreData */,
				D5F0C71C29A91B6C002A0F65 /* Models */,
			);
			path = Data;
			sourceTree = "<group>";
		};
		D5F0C71C29A91B6C002A0F65 /* Models */ = {
			isa = PBXGroup;
			children = (
				D5F0C71D29A91B86002A0F65 /* Kitten.swift */,
				D57272A429ACB41100A9C72E /* Adopter.swift */,
				D5E9295229AD0D6F00ACDAEE /* Litter.swift */,
				D5A073C729AE3CD100202F0A /* Vaccine.swift */,
				D5A073C929AE412500202F0A /* Weighing.swift */,
				D59A680529E856000016F123 /* User.swift */,
			);
			path = Models;
			sourceTree = "<group>";
		};
		D5F0C71F29A91D15002A0F65 /* Litter */ = {
			isa = PBXGroup;
			children = (
				D5F0C72129A91D2D002A0F65 /* LitterViewController.swift */,
				D5F0C72229A91D2D002A0F65 /* LitterInteractor.swift */,
				D5F0C72029A91D2D002A0F65 /* LitterPresenter.swift */,
				D5F0C72329A91D2D002A0F65 /* LitterViewModel.swift */,
				D5F0C72829A91D3C002A0F65 /* Litter.storyboard */,
			);
			path = Litter;
			sourceTree = "<group>";
		};
		E485B780F421769D7DD67366 /* Frameworks */ = {
			isa = PBXGroup;
			children = (
				D81990801C67DE0C6FAAB50D /* Pods_FosterApp.framework */,
				2079AD44F9580C27D41EB706 /* Pods_FosterAppTests.framework */,
			);
			name = Frameworks;
			sourceTree = "<group>";
		};
/* End PBXGroup section */

/* Begin PBXNativeTarget section */
		D5B143622A1B5D9C00FA5418 /* FosterAppTests */ = {
			isa = PBXNativeTarget;
			buildConfigurationList = D5B1436B2A1B5D9C00FA5418 /* Build configuration list for PBXNativeTarget "FosterAppTests" */;
			buildPhases = (
				F4E67A731579FEB29A8FC724 /* [CP] Check Pods Manifest.lock */,
				D5B1435F2A1B5D9C00FA5418 /* Sources */,
				D5B143602A1B5D9C00FA5418 /* Frameworks */,
				D5B143612A1B5D9C00FA5418 /* Resources */,
				BF7E6C5F06C9731CC08704CD /* [CP] Embed Pods Frameworks */,
			);
			buildRules = (
			);
			dependencies = (
				D5B143682A1B5D9C00FA5418 /* PBXTargetDependency */,
			);
			name = FosterAppTests;
			productName = FosterAppTests;
			productReference = D5B143632A1B5D9C00FA5418 /* FosterAppTests.xctest */;
			productType = "com.apple.product-type.bundle.unit-test";
		};
		D5F0C6F229A90BEA002A0F65 /* FosterApp */ = {
			isa = PBXNativeTarget;
			buildConfigurationList = D5F0C70729A90BEF002A0F65 /* Build configuration list for PBXNativeTarget "FosterApp" */;
			buildPhases = (
				FE98689C5E00CC1C8D532041 /* [CP] Check Pods Manifest.lock */,
				D56087F829DB145B00F47783 /* Swiftlint */,
				D5F0C6EF29A90BEA002A0F65 /* Sources */,
				D5F0C6F029A90BEA002A0F65 /* Frameworks */,
				D5F0C6F129A90BEA002A0F65 /* Resources */,
				D667D0DCFDCBEF9C4FA69122 /* [CP] Embed Pods Frameworks */,
			);
			buildRules = (
			);
			dependencies = (
			);
			name = FosterApp;
			productName = FosterApp;
			productReference = D5F0C6F329A90BEA002A0F65 /* FosterApp.app */;
			productType = "com.apple.product-type.application";
		};
/* End PBXNativeTarget section */

/* Begin PBXProject section */
		D5F0C6EB29A90BEA002A0F65 /* Project object */ = {
			isa = PBXProject;
			attributes = {
				BuildIndependentTargetsInParallel = 1;
				LastSwiftUpdateCheck = 1420;
				LastUpgradeCheck = 1420;
				TargetAttributes = {
					D5B143622A1B5D9C00FA5418 = {
						CreatedOnToolsVersion = 14.2;
						TestTargetID = D5F0C6F229A90BEA002A0F65;
					};
					D5F0C6F229A90BEA002A0F65 = {
						CreatedOnToolsVersion = 14.2;
					};
				};
			};
			buildConfigurationList = D5F0C6EE29A90BEA002A0F65 /* Build configuration list for PBXProject "FosterApp" */;
			compatibilityVersion = "Xcode 13.0";
			developmentRegion = en;
			hasScannedForEncodings = 0;
			knownRegions = (
				en,
				Base,
			);
			mainGroup = D5F0C6EA29A90BEA002A0F65;
			productRefGroup = D5F0C6F429A90BEA002A0F65 /* Products */;
			projectDirPath = "";
			projectRoot = "";
			targets = (
				D5F0C6F229A90BEA002A0F65 /* FosterApp */,
				D5B143622A1B5D9C00FA5418 /* FosterAppTests */,
			);
		};
/* End PBXProject section */

/* Begin PBXResourcesBuildPhase section */
		D5B143612A1B5D9C00FA5418 /* Resources */ = {
			isa = PBXResourcesBuildPhase;
			buildActionMask = 2147483647;
			files = (
				D580849F2B29BBB700B27E50 /* FosterAppTestPlan.xctestplan in Resources */,
			);
			runOnlyForDeploymentPostprocessing = 0;
		};
		D5F0C6F129A90BEA002A0F65 /* Resources */ = {
			isa = PBXResourcesBuildPhase;
			buildActionMask = 2147483647;
			files = (
				D59FF7142A0A6F6900147783 /* Advice.storyboard in Resources */,
				D5C7D9B129F0195900885C48 /* Login.storyboard in Resources */,
				D59F2B012B07708E0014AD2C /* GoogleService-Info.plist in Resources */,
				D593BD9B29DF0617005D8673 /* InfoCardView.xib in Resources */,
				D5B048BF2B0CB87800BC2F93 /* ChooseAppIcon.storyboard in Resources */,
				D581DBD62AF92218009B61F7 /* Settings.storyboard in Resources */,
				D5E9295129ACFAAC00ACDAEE /* TabBar.storyboard in Resources */,
				D576F5772A5B1BA00004AF60 /* AddWeight.storyboard in Resources */,
				D57272D529ACF50100A9C72E /* Home.storyboard in Resources */,
				D585E62F29D5DFCD00D3ED9C /* KittenCardModal.storyboard in Resources */,
				D585E62F29D5DFCD00D3ED9C /* KittenCardModal.storyboard in Resources */,
				D5C7D9B329F0196C00885C48 /* SignUp.storyboard in Resources */,
				D576F5752A5B1B8E0004AF60 /* WeighingList.storyboard in Resources */,
				D5F0C72929A91D3C002A0F65 /* Litter.storyboard in Resources */,
				D5B5E24F29D46E3C00A84476 /* GoogleService-Info.plist in Resources */,
				D5A189552ACD82340092B059 /* Tile.xib in Resources */,
				D59431852AF1405300A13187 /* NavBar.storyboard in Resources */,
				D57272CA29ACEAD700A9C72E /* LitterHistory.storyboard in Resources */,
				D5F0C70329A90BEF002A0F65 /* LaunchScreen.storyboard in Resources */,
				D588684F2B752AA70044DE62 /* AdviceMockSuccess.json in Resources */,
				D5F0C71A29A90E48002A0F65 /* KittenCard.storyboard in Resources */,
				D59AA7D22A03B221008AF45F /* Advices.storyboard in Resources */,
				D5F0C70029A90BEF002A0F65 /* Assets.xcassets in Resources */,
				D58EEC832AEFEA9C00B24C95 /* AdviceCell.xib in Resources */,
				D5B143762A1B94B800FA5418 /* AdvicesResponseFail.json in Resources */,
				D585E62429D5DC7300D3ED9C /* Colors.xcassets in Resources */,
			);
			runOnlyForDeploymentPostprocessing = 0;
		};
/* End PBXResourcesBuildPhase section */

/* Begin PBXShellScriptBuildPhase section */
		BF7E6C5F06C9731CC08704CD /* [CP] Embed Pods Frameworks */ = {
			isa = PBXShellScriptBuildPhase;
			buildActionMask = 2147483647;
			files = (
			);
			inputFileListPaths = (
				"${PODS_ROOT}/Target Support Files/Pods-FosterAppTests/Pods-FosterAppTests-frameworks-${CONFIGURATION}-input-files.xcfilelist",
			);
			name = "[CP] Embed Pods Frameworks";
			outputFileListPaths = (
				"${PODS_ROOT}/Target Support Files/Pods-FosterAppTests/Pods-FosterAppTests-frameworks-${CONFIGURATION}-output-files.xcfilelist",
			);
			runOnlyForDeploymentPostprocessing = 0;
			shellPath = /bin/sh;
			shellScript = "\"${PODS_ROOT}/Target Support Files/Pods-FosterAppTests/Pods-FosterAppTests-frameworks.sh\"\n";
			showEnvVarsInLog = 0;
		};
		D56087F829DB145B00F47783 /* Swiftlint */ = {
			isa = PBXShellScriptBuildPhase;
			buildActionMask = 2147483647;
			files = (
			);
			inputFileListPaths = (
			);
			inputPaths = (
			);
			name = Swiftlint;
			outputFileListPaths = (
			);
			outputPaths = (
			);
			runOnlyForDeploymentPostprocessing = 0;
			shellPath = /bin/sh;
			shellScript = "export PATH=\"$PATH:/opt/homebrew/bin\"\n\nif which swiftlint > /dev/null; then\n    swiftlint\nelse\n    echo \"error: SwiftLint not installed, download from https://github.com/realm/SwiftLint\"\nfi\n";
		};
		D667D0DCFDCBEF9C4FA69122 /* [CP] Embed Pods Frameworks */ = {
			isa = PBXShellScriptBuildPhase;
			buildActionMask = 2147483647;
			files = (
			);
			inputFileListPaths = (
				"${PODS_ROOT}/Target Support Files/Pods-FosterApp/Pods-FosterApp-frameworks-${CONFIGURATION}-input-files.xcfilelist",
			);
			name = "[CP] Embed Pods Frameworks";
			outputFileListPaths = (
				"${PODS_ROOT}/Target Support Files/Pods-FosterApp/Pods-FosterApp-frameworks-${CONFIGURATION}-output-files.xcfilelist",
			);
			runOnlyForDeploymentPostprocessing = 0;
			shellPath = /bin/sh;
			shellScript = "\"${PODS_ROOT}/Target Support Files/Pods-FosterApp/Pods-FosterApp-frameworks.sh\"\n";
			showEnvVarsInLog = 0;
		};
		F4E67A731579FEB29A8FC724 /* [CP] Check Pods Manifest.lock */ = {
			isa = PBXShellScriptBuildPhase;
			buildActionMask = 2147483647;
			files = (
			);
			inputFileListPaths = (
			);
			inputPaths = (
				"${PODS_PODFILE_DIR_PATH}/Podfile.lock",
				"${PODS_ROOT}/Manifest.lock",
			);
			name = "[CP] Check Pods Manifest.lock";
			outputFileListPaths = (
			);
			outputPaths = (
				"$(DERIVED_FILE_DIR)/Pods-FosterAppTests-checkManifestLockResult.txt",
			);
			runOnlyForDeploymentPostprocessing = 0;
			shellPath = /bin/sh;
			shellScript = "diff \"${PODS_PODFILE_DIR_PATH}/Podfile.lock\" \"${PODS_ROOT}/Manifest.lock\" > /dev/null\nif [ $? != 0 ] ; then\n    # print error to STDERR\n    echo \"error: The sandbox is not in sync with the Podfile.lock. Run 'pod install' or update your CocoaPods installation.\" >&2\n    exit 1\nfi\n# This output is used by Xcode 'outputs' to avoid re-running this script phase.\necho \"SUCCESS\" > \"${SCRIPT_OUTPUT_FILE_0}\"\n";
			showEnvVarsInLog = 0;
		};
		FE98689C5E00CC1C8D532041 /* [CP] Check Pods Manifest.lock */ = {
			isa = PBXShellScriptBuildPhase;
			buildActionMask = 2147483647;
			files = (
			);
			inputFileListPaths = (
			);
			inputPaths = (
				"${PODS_PODFILE_DIR_PATH}/Podfile.lock",
				"${PODS_ROOT}/Manifest.lock",
			);
			name = "[CP] Check Pods Manifest.lock";
			outputFileListPaths = (
			);
			outputPaths = (
				"$(DERIVED_FILE_DIR)/Pods-FosterApp-checkManifestLockResult.txt",
			);
			runOnlyForDeploymentPostprocessing = 0;
			shellPath = /bin/sh;
			shellScript = "diff \"${PODS_PODFILE_DIR_PATH}/Podfile.lock\" \"${PODS_ROOT}/Manifest.lock\" > /dev/null\nif [ $? != 0 ] ; then\n    # print error to STDERR\n    echo \"error: The sandbox is not in sync with the Podfile.lock. Run 'pod install' or update your CocoaPods installation.\" >&2\n    exit 1\nfi\n# This output is used by Xcode 'outputs' to avoid re-running this script phase.\necho \"SUCCESS\" > \"${SCRIPT_OUTPUT_FILE_0}\"\n";
			showEnvVarsInLog = 0;
		};
/* End PBXShellScriptBuildPhase section */

/* Begin PBXSourcesBuildPhase section */
		D5B1435F2A1B5D9C00FA5418 /* Sources */ = {
			isa = PBXSourcesBuildPhase;
			buildActionMask = 2147483647;
			files = (
				D59C82472A8FB27300320C29 /* LitterHistoryTests.swift in Sources */,
				D5B143812A1B9E0400FA5418 /* KittenCardTests.swift in Sources */,
				D5A125612A2F2ED400BA69C9 /* AuthResultMock.swift in Sources */,
				D59C82452A8F985C00320C29 /* WeighingHistoryTests.swift in Sources */,
				D5B1437F2A1B9D9600FA5418 /* AdvicesTests.swift in Sources */,
				D5B1436E2A1B5E7A00FA5418 /* BaseTest.swift in Sources */,
				D59C72F62B728084008F8161 /* SettingsTests.swift in Sources */,
				D5B143892A1B9F5200FA5418 /* HomeTests.swift in Sources */,
				D5B143872A1B9F4700FA5418 /* LitterTests.swift in Sources */,
				D5A125652A2F6B3C00BA69C9 /* SignUpTests.swift in Sources */,
				D5AC4B212A1E3BC3008B0C43 /* APIRequestMock.swift in Sources */,
				D5A1255F2A2F297200BA69C9 /* LoginTests.swift in Sources */,
			);
			runOnlyForDeploymentPostprocessing = 0;
		};
		D5F0C6EF29A90BEA002A0F65 /* Sources */ = {
			isa = PBXSourcesBuildPhase;
			buildActionMask = 2147483647;
			files = (
				D576F56B2A5B1B6B0004AF60 /* WeighingListViewModel.swift in Sources */,
				D576F5682A5B1B6B0004AF60 /* WeighingListPresenter.swift in Sources */,
				D5B048BC2B0CB84500BC2F93 /* ChooseAppIconInteractor.swift in Sources */,
				D59DB7EE29DAC53B00306F0C /* KittenCardModalPresenter.swift in Sources */,
				D572729F29ACA79100A9C72E /* BaseViewController.swift in Sources */,
				D5A073C629AE113A00202F0A /* DB_Vaccine.swift in Sources */,
				D576F5692A5B1B6B0004AF60 /* WeighingListViewController.swift in Sources */,
				D5A125632A2F64A800BA69C9 /* UserWorker.swift in Sources */,
				D57272A229ACA79100A9C72E /* Presenter.swift in Sources */,
				D576F5732A5B1B7F0004AF60 /* AddWeightViewModel.swift in Sources */,
				D59A680629E856000016F123 /* User.swift in Sources */,
				D5F0C72629A91D2D002A0F65 /* LitterInteractor.swift in Sources */,
				D576F5712A5B1B7F0004AF60 /* AddWeightViewController.swift in Sources */,
				D5B48FE42AA1F14B0055C81B /* ButtonPink.swift in Sources */,
				D581DBD32AF9220A009B61F7 /* SettingsInteractor.swift in Sources */,
				D5F0C71329A90D85002A0F65 /* KittenCardViewController.swift in Sources */,
				D581DBD42AF9220A009B61F7 /* SettingsViewModel.swift in Sources */,
				D5A073CC29AE45CE00202F0A /* DB_Litter.swift in Sources */,
				D59FF7122A0A6F5E00147783 /* AdviceViewModel.swift in Sources */,
				D59F2AFF2B076E440014AD2C /* AnalyticsManager.swift in Sources */,
				D5A073CA29AE412500202F0A /* Weighing.swift in Sources */,
				D57272C629ACEAB900A9C72E /* LitterHistoryViewController.swift in Sources */,
				D5A073C829AE3CD100202F0A /* Vaccine.swift in Sources */,
				D5B048BB2B0CB84500BC2F93 /* ChooseAppIconViewController.swift in Sources */,
				D5B5E24A29D4697C00A84476 /* LoginInteractor.swift in Sources */,
				D599CE2329AFB0C500542F9E /* DBWorker.swift in Sources */,
				D5B48FE62AA1F4500055C81B /* ButtonBeige.swift in Sources */,
				D59FF70F2A0A6F5E00147783 /* AdvicePresenter.swift in Sources */,
				D581DBD22AF9220A009B61F7 /* SettingsViewController.swift in Sources */,
				D59D09B929DD6B6300813B35 /* InfoCardViewModel.swift in Sources */,
				D59D09B729DD6B6300813B35 /* InfoCardView.swift in Sources */,
				D5F0C71229A90D85002A0F65 /* KittenCardPresenter.swift in Sources */,
				D5B048B42B0BA58600BC2F93 /* Loader.swift in Sources */,
				D5B5E24929D4697C00A84476 /* LoginViewController.swift in Sources */,
				D5B048BD2B0CB84500BC2F93 /* ChooseAppIconViewModel.swift in Sources */,
				D59AA7CE2A03B205008AF45F /* AdvicesViewController.swift in Sources */,
				D5F0C72429A91D2D002A0F65 /* LitterPresenter.swift in Sources */,
				D57272A029ACA79100A9C72E /* ViewModel.swift in Sources */,
				D57272C529ACEAB900A9C72E /* LitterHistoryPresenter.swift in Sources */,
				D595EC6329D58E1500200B46 /* SignUpPresenter.swift in Sources */,
				D5A073C429AE10CD00202F0A /* DB_Weighing.swift in Sources */,
				D599DE0A2A151A100004C165 /* BaseTest.swift in Sources */,
				D5B143722A1B693A00FA5418 /* APIRequest.swift in Sources */,
				D5E9295729AD16B700ACDAEE /* FosterApp.xcdatamodeld in Sources */,
				D57272C729ACEAB900A9C72E /* LitterHistoryInteractor.swift in Sources */,
				D576F5702A5B1B7F0004AF60 /* AddWeightPresenter.swift in Sources */,
				D57272C829ACEAB900A9C72E /* LitterHistoryViewModel.swift in Sources */,
				D5AC4B1E2A1E0239008B0C43 /* Extension+UserDefaults.swift in Sources */,
				D58EEC812AEFE71700B24C95 /* AdviceCell.swift in Sources */,
				D576F5722A5B1B7F0004AF60 /* AddWeightInteractor.swift in Sources */,
				D57272D029ACF4F200A9C72E /* HomePresenter.swift in Sources */,
				D595EC6529D58E1500200B46 /* SignUpInteractor.swift in Sources */,
				D59DB7EF29DAC53B00306F0C /* KittenCardModalViewController.swift in Sources */,
				D5F0C71429A90D85002A0F65 /* KittenCardInteractor.swift in Sources */,
				D5F0C71529A90D85002A0F65 /* KittenCardViewModel.swift in Sources */,
				D59AA7CF2A03B205008AF45F /* AdvicesInteractor.swift in Sources */,
				D59FF7102A0A6F5E00147783 /* AdviceViewController.swift in Sources */,
				D5E9295329AD0D6F00ACDAEE /* Litter.swift in Sources */,
				D5F0C72529A91D2D002A0F65 /* LitterViewController.swift in Sources */,
				D5F0C72729A91D2D002A0F65 /* LitterViewModel.swift in Sources */,
				D5F0C6F729A90BEA002A0F65 /* AppDelegate.swift in Sources */,
				D5A073C029AE10B000202F0A /* DB_Kitten.swift in Sources */,
				D59AA7D72A03F7AE008AF45F /* AdvicesResponse.swift in Sources */,
				D59AA7CD2A03B205008AF45F /* AdvicesPresenter.swift in Sources */,
				D57272A529ACB41100A9C72E /* Adopter.swift in Sources */,
				D57272D329ACF4F200A9C72E /* HomeViewModel.swift in Sources */,
				D5B143702A1B67AC00FA5418 /* APIWorker.swift in Sources */,
				D59DB7F029DAC53B00306F0C /* KittenCardModalInteractor.swift in Sources */,
				D59DB7F129DAC53B00306F0C /* KittenCardModalViewModel.swift in Sources */,
				D59512462A60391A008A6220 /* BaseTableView.swift in Sources */,
				D57272A129ACA79100A9C72E /* Interactor.swift in Sources */,
				D595EC6629D58E1500200B46 /* SignUpViewModel.swift in Sources */,
				D5B5E24B29D4697C00A84476 /* LoginViewModel.swift in Sources */,
				D581DBD12AF9220A009B61F7 /* SettingsPresenter.swift in Sources */,
				D5B5E24829D4697C00A84476 /* LoginPresenter.swift in Sources */,
				D5A073C229AE10C000202F0A /* DB_Adopter.swift in Sources */,
				D5A189502ACD81580092B059 /* Tile.swift in Sources */,
				D57272BF29ACE6F600A9C72E /* AddButton.swift in Sources */,
				D576F56A2A5B1B6B0004AF60 /* WeighingListInteractor.swift in Sources */,
				D57272A329ACA79100A9C72E /* LoaderView.swift in Sources */,
				D57272D129ACF4F200A9C72E /* HomeViewController.swift in Sources */,
				D5FCBA3229CA09D3008985C9 /* DatePickerField.swift in Sources */,
				D58EEC7D2AEFE6C900B24C95 /* BaseTableViewCell.swift in Sources */,
				D59FF7112A0A6F5E00147783 /* AdviceInteractor.swift in Sources */,
				D5F0C71E29A91B86002A0F65 /* Kitten.swift in Sources */,
				D5F0C6F929A90BEA002A0F65 /* SceneDelegate.swift in Sources */,
				D59AA7D02A03B205008AF45F /* AdvicesViewModel.swift in Sources */,
				D5B048BA2B0CB84500BC2F93 /* ChooseAppIconPresenter.swift in Sources */,
				D595EC6429D58E1500200B46 /* SignUpViewController.swift in Sources */,
				D59900CD29F6B62500F0F36D /* Alerts.swift in Sources */,
				D57272D229ACF4F200A9C72E /* HomeInteractor.swift in Sources */,
			);
			runOnlyForDeploymentPostprocessing = 0;
		};
/* End PBXSourcesBuildPhase section */

/* Begin PBXTargetDependency section */
		D5B143682A1B5D9C00FA5418 /* PBXTargetDependency */ = {
			isa = PBXTargetDependency;
			target = D5F0C6F229A90BEA002A0F65 /* FosterApp */;
			targetProxy = D5B143672A1B5D9C00FA5418 /* PBXContainerItemProxy */;
		};
/* End PBXTargetDependency section */

/* Begin PBXVariantGroup section */
		D5F0C70129A90BEF002A0F65 /* LaunchScreen.storyboard */ = {
			isa = PBXVariantGroup;
			children = (
				D5F0C70229A90BEF002A0F65 /* Base */,
			);
			name = LaunchScreen.storyboard;
			sourceTree = "<group>";
		};
/* End PBXVariantGroup section */

/* Begin XCBuildConfiguration section */
		D5B143692A1B5D9C00FA5418 /* Debug */ = {
			isa = XCBuildConfiguration;
			baseConfigurationReference = 818E39564CBAC5BC9BB16FAE /* Pods-FosterAppTests.debug.xcconfig */;
			buildSettings = {
				BUNDLE_LOADER = "$(TEST_HOST)";
				CODE_SIGN_STYLE = Automatic;
				CURRENT_PROJECT_VERSION = 1;
				DEVELOPMENT_TEAM = N99GL92MJ5;
				GENERATE_INFOPLIST_FILE = YES;
				IPHONEOS_DEPLOYMENT_TARGET = 14.0;
				MARKETING_VERSION = 1.0;
				PRODUCT_BUNDLE_IDENTIFIER = ExomindOpenClassrooms.FosterAppTests;
				PRODUCT_NAME = "$(TARGET_NAME)";
				SUPPORTED_PLATFORMS = "iphoneos iphonesimulator";
				SUPPORTS_MACCATALYST = NO;
				SUPPORTS_MAC_DESIGNED_FOR_IPHONE_IPAD = YES;
				SWIFT_EMIT_LOC_STRINGS = NO;
				SWIFT_VERSION = 5.0;
				TARGETED_DEVICE_FAMILY = 1;
				TEST_HOST = "$(BUILT_PRODUCTS_DIR)/FosterApp.app/$(BUNDLE_EXECUTABLE_FOLDER_PATH)/FosterApp";
			};
			name = Debug;
		};
		D5B1436A2A1B5D9C00FA5418 /* Release */ = {
			isa = XCBuildConfiguration;
			baseConfigurationReference = 14DAA767AF140E2D64A78426 /* Pods-FosterAppTests.release.xcconfig */;
			buildSettings = {
				BUNDLE_LOADER = "$(TEST_HOST)";
				CODE_SIGN_STYLE = Automatic;
				CURRENT_PROJECT_VERSION = 1;
				DEVELOPMENT_TEAM = N99GL92MJ5;
				GENERATE_INFOPLIST_FILE = YES;
				IPHONEOS_DEPLOYMENT_TARGET = 14.0;
				MARKETING_VERSION = 1.0;
				PRODUCT_BUNDLE_IDENTIFIER = ExomindOpenClassrooms.FosterAppTests;
				PRODUCT_NAME = "$(TARGET_NAME)";
				SUPPORTED_PLATFORMS = "iphoneos iphonesimulator";
				SUPPORTS_MACCATALYST = NO;
				SUPPORTS_MAC_DESIGNED_FOR_IPHONE_IPAD = YES;
				SWIFT_EMIT_LOC_STRINGS = NO;
				SWIFT_VERSION = 5.0;
				TARGETED_DEVICE_FAMILY = 1;
				TEST_HOST = "$(BUILT_PRODUCTS_DIR)/FosterApp.app/$(BUNDLE_EXECUTABLE_FOLDER_PATH)/FosterApp";
			};
			name = Release;
		};
		D5F0C70529A90BEF002A0F65 /* Debug */ = {
			isa = XCBuildConfiguration;
			buildSettings = {
				ALWAYS_SEARCH_USER_PATHS = NO;
				CLANG_ANALYZER_NONNULL = YES;
				CLANG_ANALYZER_NUMBER_OBJECT_CONVERSION = YES_AGGRESSIVE;
				CLANG_CXX_LANGUAGE_STANDARD = "gnu++20";
				CLANG_ENABLE_MODULES = YES;
				CLANG_ENABLE_OBJC_ARC = YES;
				CLANG_ENABLE_OBJC_WEAK = YES;
				CLANG_WARN_BLOCK_CAPTURE_AUTORELEASING = YES;
				CLANG_WARN_BOOL_CONVERSION = YES;
				CLANG_WARN_COMMA = YES;
				CLANG_WARN_CONSTANT_CONVERSION = YES;
				CLANG_WARN_DEPRECATED_OBJC_IMPLEMENTATIONS = YES;
				CLANG_WARN_DIRECT_OBJC_ISA_USAGE = YES_ERROR;
				CLANG_WARN_DOCUMENTATION_COMMENTS = YES;
				CLANG_WARN_EMPTY_BODY = YES;
				CLANG_WARN_ENUM_CONVERSION = YES;
				CLANG_WARN_INFINITE_RECURSION = YES;
				CLANG_WARN_INT_CONVERSION = YES;
				CLANG_WARN_NON_LITERAL_NULL_CONVERSION = YES;
				CLANG_WARN_OBJC_IMPLICIT_RETAIN_SELF = YES;
				CLANG_WARN_OBJC_LITERAL_CONVERSION = YES;
				CLANG_WARN_OBJC_ROOT_CLASS = YES_ERROR;
				CLANG_WARN_QUOTED_INCLUDE_IN_FRAMEWORK_HEADER = YES;
				CLANG_WARN_RANGE_LOOP_ANALYSIS = YES;
				CLANG_WARN_STRICT_PROTOTYPES = YES;
				CLANG_WARN_SUSPICIOUS_MOVE = YES;
				CLANG_WARN_UNGUARDED_AVAILABILITY = YES_AGGRESSIVE;
				CLANG_WARN_UNREACHABLE_CODE = YES;
				CLANG_WARN__DUPLICATE_METHOD_MATCH = YES;
				COPY_PHASE_STRIP = NO;
				DEBUG_INFORMATION_FORMAT = dwarf;
				ENABLE_STRICT_OBJC_MSGSEND = YES;
				ENABLE_TESTABILITY = YES;
				GCC_C_LANGUAGE_STANDARD = gnu11;
				GCC_DYNAMIC_NO_PIC = NO;
				GCC_NO_COMMON_BLOCKS = YES;
				GCC_OPTIMIZATION_LEVEL = 0;
				GCC_PREPROCESSOR_DEFINITIONS = (
					"DEBUG=1",
					"$(inherited)",
				);
				GCC_WARN_64_TO_32_BIT_CONVERSION = YES;
				GCC_WARN_ABOUT_RETURN_TYPE = YES_ERROR;
				GCC_WARN_UNDECLARED_SELECTOR = YES;
				GCC_WARN_UNINITIALIZED_AUTOS = YES_AGGRESSIVE;
				GCC_WARN_UNUSED_FUNCTION = YES;
				GCC_WARN_UNUSED_VARIABLE = YES;
				IPHONEOS_DEPLOYMENT_TARGET = 16.2;
				MTL_ENABLE_DEBUG_INFO = INCLUDE_SOURCE;
				MTL_FAST_MATH = YES;
				ONLY_ACTIVE_ARCH = YES;
				SDKROOT = iphoneos;
				SWIFT_ACTIVE_COMPILATION_CONDITIONS = DEBUG;
				SWIFT_OPTIMIZATION_LEVEL = "-Onone";
			};
			name = Debug;
		};
		D5F0C70629A90BEF002A0F65 /* Release */ = {
			isa = XCBuildConfiguration;
			buildSettings = {
				ALWAYS_SEARCH_USER_PATHS = NO;
				CLANG_ANALYZER_NONNULL = YES;
				CLANG_ANALYZER_NUMBER_OBJECT_CONVERSION = YES_AGGRESSIVE;
				CLANG_CXX_LANGUAGE_STANDARD = "gnu++20";
				CLANG_ENABLE_MODULES = YES;
				CLANG_ENABLE_OBJC_ARC = YES;
				CLANG_ENABLE_OBJC_WEAK = YES;
				CLANG_WARN_BLOCK_CAPTURE_AUTORELEASING = YES;
				CLANG_WARN_BOOL_CONVERSION = YES;
				CLANG_WARN_COMMA = YES;
				CLANG_WARN_CONSTANT_CONVERSION = YES;
				CLANG_WARN_DEPRECATED_OBJC_IMPLEMENTATIONS = YES;
				CLANG_WARN_DIRECT_OBJC_ISA_USAGE = YES_ERROR;
				CLANG_WARN_DOCUMENTATION_COMMENTS = YES;
				CLANG_WARN_EMPTY_BODY = YES;
				CLANG_WARN_ENUM_CONVERSION = YES;
				CLANG_WARN_INFINITE_RECURSION = YES;
				CLANG_WARN_INT_CONVERSION = YES;
				CLANG_WARN_NON_LITERAL_NULL_CONVERSION = YES;
				CLANG_WARN_OBJC_IMPLICIT_RETAIN_SELF = YES;
				CLANG_WARN_OBJC_LITERAL_CONVERSION = YES;
				CLANG_WARN_OBJC_ROOT_CLASS = YES_ERROR;
				CLANG_WARN_QUOTED_INCLUDE_IN_FRAMEWORK_HEADER = YES;
				CLANG_WARN_RANGE_LOOP_ANALYSIS = YES;
				CLANG_WARN_STRICT_PROTOTYPES = YES;
				CLANG_WARN_SUSPICIOUS_MOVE = YES;
				CLANG_WARN_UNGUARDED_AVAILABILITY = YES_AGGRESSIVE;
				CLANG_WARN_UNREACHABLE_CODE = YES;
				CLANG_WARN__DUPLICATE_METHOD_MATCH = YES;
				COPY_PHASE_STRIP = NO;
				DEBUG_INFORMATION_FORMAT = "dwarf-with-dsym";
				ENABLE_NS_ASSERTIONS = NO;
				ENABLE_STRICT_OBJC_MSGSEND = YES;
				GCC_C_LANGUAGE_STANDARD = gnu11;
				GCC_NO_COMMON_BLOCKS = YES;
				GCC_WARN_64_TO_32_BIT_CONVERSION = YES;
				GCC_WARN_ABOUT_RETURN_TYPE = YES_ERROR;
				GCC_WARN_UNDECLARED_SELECTOR = YES;
				GCC_WARN_UNINITIALIZED_AUTOS = YES_AGGRESSIVE;
				GCC_WARN_UNUSED_FUNCTION = YES;
				GCC_WARN_UNUSED_VARIABLE = YES;
				IPHONEOS_DEPLOYMENT_TARGET = 16.2;
				MTL_ENABLE_DEBUG_INFO = NO;
				MTL_FAST_MATH = YES;
				SDKROOT = iphoneos;
				SWIFT_COMPILATION_MODE = wholemodule;
				SWIFT_OPTIMIZATION_LEVEL = "-O";
				VALIDATE_PRODUCT = YES;
			};
			name = Release;
		};
		D5F0C70829A90BEF002A0F65 /* Debug */ = {
			isa = XCBuildConfiguration;
			baseConfigurationReference = 50A0D4DD42B6EDA0EDCC6221 /* Pods-FosterApp.debug.xcconfig */;
			buildSettings = {
				ASSETCATALOG_COMPILER_ALTERNATE_APPICON_NAMES = "AppIcon4 AppIcon3 AppIcon2 AppIcon1";
				ASSETCATALOG_COMPILER_APPICON_NAME = AppIcon1;
				ASSETCATALOG_COMPILER_GLOBAL_ACCENT_COLOR_NAME = AccentColor;
				ASSETCATALOG_COMPILER_INCLUDE_ALL_APPICON_ASSETS = YES;
				CODE_SIGN_STYLE = Automatic;
				CURRENT_PROJECT_VERSION = 1;
				DEVELOPMENT_TEAM = TD554J24WN;
				GENERATE_INFOPLIST_FILE = YES;
				INFOPLIST_FILE = FosterApp/Resources/Info.plist;
				INFOPLIST_KEY_UIApplicationSupportsIndirectInputEvents = YES;
				INFOPLIST_KEY_UILaunchStoryboardName = LaunchScreen;
				INFOPLIST_KEY_UIMainStoryboardFile = TabBar;
				INFOPLIST_KEY_UISupportedInterfaceOrientations_iPad = "UIInterfaceOrientationPortrait UIInterfaceOrientationPortraitUpsideDown UIInterfaceOrientationLandscapeLeft UIInterfaceOrientationLandscapeRight";
				INFOPLIST_KEY_UISupportedInterfaceOrientations_iPhone = "UIInterfaceOrientationPortrait UIInterfaceOrientationLandscapeLeft UIInterfaceOrientationLandscapeRight";
				IPHONEOS_DEPLOYMENT_TARGET = 14.0;
				LD_RUNPATH_SEARCH_PATHS = (
					"$(inherited)",
					"@executable_path/Frameworks",
				);
				MARKETING_VERSION = 1.0;
				PRODUCT_BUNDLE_IDENTIFIER = ExomindOpenclassrooms.FosterApp;
				PRODUCT_NAME = "$(TARGET_NAME)";
				SUPPORTED_PLATFORMS = "iphoneos iphonesimulator";
				SUPPORTS_MACCATALYST = NO;
				SUPPORTS_MAC_DESIGNED_FOR_IPHONE_IPAD = YES;
				SWIFT_EMIT_LOC_STRINGS = YES;
				SWIFT_VERSION = 5.0;
				TARGETED_DEVICE_FAMILY = 1;
			};
			name = Debug;
		};
		D5F0C70929A90BEF002A0F65 /* Release */ = {
			isa = XCBuildConfiguration;
			baseConfigurationReference = 4A4D04655A2C7EAB32D6B24A /* Pods-FosterApp.release.xcconfig */;
			buildSettings = {
				ASSETCATALOG_COMPILER_ALTERNATE_APPICON_NAMES = "AppIcon4 AppIcon3 AppIcon2 AppIcon1";
				ASSETCATALOG_COMPILER_APPICON_NAME = AppIcon1;
				ASSETCATALOG_COMPILER_GLOBAL_ACCENT_COLOR_NAME = AccentColor;
				ASSETCATALOG_COMPILER_INCLUDE_ALL_APPICON_ASSETS = YES;
				CODE_SIGN_STYLE = Automatic;
				CURRENT_PROJECT_VERSION = 1;
				DEVELOPMENT_TEAM = N99GL92MJ5;
				GENERATE_INFOPLIST_FILE = YES;
				INFOPLIST_FILE = FosterApp/Resources/Info.plist;
				INFOPLIST_KEY_UIApplicationSupportsIndirectInputEvents = YES;
				INFOPLIST_KEY_UILaunchStoryboardName = LaunchScreen;
				INFOPLIST_KEY_UIMainStoryboardFile = TabBar;
				INFOPLIST_KEY_UISupportedInterfaceOrientations_iPad = "UIInterfaceOrientationPortrait UIInterfaceOrientationPortraitUpsideDown UIInterfaceOrientationLandscapeLeft UIInterfaceOrientationLandscapeRight";
				INFOPLIST_KEY_UISupportedInterfaceOrientations_iPhone = "UIInterfaceOrientationPortrait UIInterfaceOrientationLandscapeLeft UIInterfaceOrientationLandscapeRight";
				IPHONEOS_DEPLOYMENT_TARGET = 14.0;
				LD_RUNPATH_SEARCH_PATHS = (
					"$(inherited)",
					"@executable_path/Frameworks",
				);
				MARKETING_VERSION = 1.0;
				PRODUCT_BUNDLE_IDENTIFIER = ExomindOpenclassrooms.FosterApp;
				PRODUCT_NAME = "$(TARGET_NAME)";
				SUPPORTED_PLATFORMS = "iphoneos iphonesimulator";
				SUPPORTS_MACCATALYST = NO;
				SUPPORTS_MAC_DESIGNED_FOR_IPHONE_IPAD = YES;
				SWIFT_EMIT_LOC_STRINGS = YES;
				SWIFT_VERSION = 5.0;
				TARGETED_DEVICE_FAMILY = 1;
			};
			name = Release;
		};
/* End XCBuildConfiguration section */

/* Begin XCConfigurationList section */
		D5B1436B2A1B5D9C00FA5418 /* Build configuration list for PBXNativeTarget "FosterAppTests" */ = {
			isa = XCConfigurationList;
			buildConfigurations = (
				D5B143692A1B5D9C00FA5418 /* Debug */,
				D5B1436A2A1B5D9C00FA5418 /* Release */,
			);
			defaultConfigurationIsVisible = 0;
			defaultConfigurationName = Release;
		};
		D5F0C6EE29A90BEA002A0F65 /* Build configuration list for PBXProject "FosterApp" */ = {
			isa = XCConfigurationList;
			buildConfigurations = (
				D5F0C70529A90BEF002A0F65 /* Debug */,
				D5F0C70629A90BEF002A0F65 /* Release */,
			);
			defaultConfigurationIsVisible = 0;
			defaultConfigurationName = Release;
		};
		D5F0C70729A90BEF002A0F65 /* Build configuration list for PBXNativeTarget "FosterApp" */ = {
			isa = XCConfigurationList;
			buildConfigurations = (
				D5F0C70829A90BEF002A0F65 /* Debug */,
				D5F0C70929A90BEF002A0F65 /* Release */,
			);
			defaultConfigurationIsVisible = 0;
			defaultConfigurationName = Release;
		};
/* End XCConfigurationList section */

/* Begin XCVersionGroup section */
		D5E9295529AD16B700ACDAEE /* FosterApp.xcdatamodeld */ = {
			isa = XCVersionGroup;
			children = (
				D5E9295629AD16B700ACDAEE /* FosterApp.xcdatamodel */,
			);
			currentVersion = D5E9295629AD16B700ACDAEE /* FosterApp.xcdatamodel */;
			path = FosterApp.xcdatamodeld;
			sourceTree = "<group>";
			versionGroupType = wrapper.xcdatamodel;
		};
/* End XCVersionGroup section */
	};
	rootObject = D5F0C6EB29A90BEA002A0F65 /* Project object */;
}
