// !$*UTF8*$!
{
	archiveVersion = 1;
	classes = {
	};
	objectVersion = 55;
	objects = {

/* Begin PBXBuildFile section */
		6794FC8A6FA8CE952A17437F /* Pods_FosterApp.framework in Frameworks */ = {isa = PBXBuildFile; fileRef = D81990801C67DE0C6FAAB50D /* Pods_FosterApp.framework */; };
		D572729F29ACA79100A9C72E /* BaseViewController.swift in Sources */ = {isa = PBXBuildFile; fileRef = D572729A29ACA79100A9C72E /* BaseViewController.swift */; };
		D57272A029ACA79100A9C72E /* ViewModel.swift in Sources */ = {isa = PBXBuildFile; fileRef = D572729B29ACA79100A9C72E /* ViewModel.swift */; };
		D57272A129ACA79100A9C72E /* Interactor.swift in Sources */ = {isa = PBXBuildFile; fileRef = D572729C29ACA79100A9C72E /* Interactor.swift */; };
		D57272A229ACA79100A9C72E /* Presenter.swift in Sources */ = {isa = PBXBuildFile; fileRef = D572729D29ACA79100A9C72E /* Presenter.swift */; };
		D57272A329ACA79100A9C72E /* LoaderView.swift in Sources */ = {isa = PBXBuildFile; fileRef = D572729E29ACA79100A9C72E /* LoaderView.swift */; };
		D57272A529ACB41100A9C72E /* Adopter.swift in Sources */ = {isa = PBXBuildFile; fileRef = D57272A429ACB41100A9C72E /* Adopter.swift */; };
		D57272AB29ACB9F400A9C72E /* WeightHistoryPresenter.swift in Sources */ = {isa = PBXBuildFile; fileRef = D57272A729ACB9F400A9C72E /* WeightHistoryPresenter.swift */; };
		D57272AC29ACB9F400A9C72E /* WeightHistoryViewController.swift in Sources */ = {isa = PBXBuildFile; fileRef = D57272A829ACB9F400A9C72E /* WeightHistoryViewController.swift */; };
		D57272AD29ACB9F400A9C72E /* WeightHistoryInteractor.swift in Sources */ = {isa = PBXBuildFile; fileRef = D57272A929ACB9F400A9C72E /* WeightHistoryInteractor.swift */; };
		D57272AE29ACB9F400A9C72E /* WeightHistoryViewModel.swift in Sources */ = {isa = PBXBuildFile; fileRef = D57272AA29ACB9F400A9C72E /* WeightHistoryViewModel.swift */; };
		D57272B029ACBA2700A9C72E /* WeightHistory.storyboard in Resources */ = {isa = PBXBuildFile; fileRef = D57272AF29ACBA2700A9C72E /* WeightHistory.storyboard */; };
		D57272B629ACBF6C00A9C72E /* MedicalHistoryPresenter.swift in Sources */ = {isa = PBXBuildFile; fileRef = D57272B229ACBF6C00A9C72E /* MedicalHistoryPresenter.swift */; };
		D57272B729ACBF6C00A9C72E /* MedicalHistoryViewController.swift in Sources */ = {isa = PBXBuildFile; fileRef = D57272B329ACBF6C00A9C72E /* MedicalHistoryViewController.swift */; };
		D57272B829ACBF6C00A9C72E /* MedicalHistoryInteractor.swift in Sources */ = {isa = PBXBuildFile; fileRef = D57272B429ACBF6C00A9C72E /* MedicalHistoryInteractor.swift */; };
		D57272B929ACBF6C00A9C72E /* MedicalHistoryViewModel.swift in Sources */ = {isa = PBXBuildFile; fileRef = D57272B529ACBF6C00A9C72E /* MedicalHistoryViewModel.swift */; };
		D57272BB29ACBF7E00A9C72E /* MedicalHistory.storyboard in Resources */ = {isa = PBXBuildFile; fileRef = D57272BA29ACBF7E00A9C72E /* MedicalHistory.storyboard */; };
		D57272BF29ACE6F600A9C72E /* AddButton.swift in Sources */ = {isa = PBXBuildFile; fileRef = D57272BE29ACE6F600A9C72E /* AddButton.swift */; };
		D57272C529ACEAB900A9C72E /* LitterHistoryPresenter.swift in Sources */ = {isa = PBXBuildFile; fileRef = D57272C129ACEAB900A9C72E /* LitterHistoryPresenter.swift */; };
		D57272C629ACEAB900A9C72E /* LitterHistoryViewController.swift in Sources */ = {isa = PBXBuildFile; fileRef = D57272C229ACEAB900A9C72E /* LitterHistoryViewController.swift */; };
		D57272C729ACEAB900A9C72E /* LitterHistoryInteractor.swift in Sources */ = {isa = PBXBuildFile; fileRef = D57272C329ACEAB900A9C72E /* LitterHistoryInteractor.swift */; };
		D57272C829ACEAB900A9C72E /* LitterHistoryViewModel.swift in Sources */ = {isa = PBXBuildFile; fileRef = D57272C429ACEAB900A9C72E /* LitterHistoryViewModel.swift */; };
		D57272CA29ACEAD700A9C72E /* LitterHistory.storyboard in Resources */ = {isa = PBXBuildFile; fileRef = D57272C929ACEAD700A9C72E /* LitterHistory.storyboard */; };
		D57272D029ACF4F200A9C72E /* HomePresenter.swift in Sources */ = {isa = PBXBuildFile; fileRef = D57272CC29ACF4F200A9C72E /* HomePresenter.swift */; };
		D57272D129ACF4F200A9C72E /* HomeViewController.swift in Sources */ = {isa = PBXBuildFile; fileRef = D57272CD29ACF4F200A9C72E /* HomeViewController.swift */; };
		D57272D229ACF4F200A9C72E /* HomeInteractor.swift in Sources */ = {isa = PBXBuildFile; fileRef = D57272CE29ACF4F200A9C72E /* HomeInteractor.swift */; };
		D57272D329ACF4F200A9C72E /* HomeViewModel.swift in Sources */ = {isa = PBXBuildFile; fileRef = D57272CF29ACF4F200A9C72E /* HomeViewModel.swift */; };
		D57272D529ACF50100A9C72E /* Home.storyboard in Resources */ = {isa = PBXBuildFile; fileRef = D57272D429ACF50100A9C72E /* Home.storyboard */; };
		D585E62429D5DC7300D3ED9C /* Colors.xcassets in Resources */ = {isa = PBXBuildFile; fileRef = D585E62329D5DC7300D3ED9C /* Colors.xcassets */; };
		D585E62F29D5DFCD00D3ED9C /* KittenCardModal.storyboard in Resources */ = {isa = PBXBuildFile; fileRef = D585E62E29D5DFCD00D3ED9C /* KittenCardModal.storyboard */; };
		D595EC6329D58E1500200B46 /* SignUpPresenter.swift in Sources */ = {isa = PBXBuildFile; fileRef = D595EC5F29D58E1500200B46 /* SignUpPresenter.swift */; };
		D595EC6429D58E1500200B46 /* SignUpViewController.swift in Sources */ = {isa = PBXBuildFile; fileRef = D595EC6029D58E1500200B46 /* SignUpViewController.swift */; };
		D595EC6529D58E1500200B46 /* SignUpInteractor.swift in Sources */ = {isa = PBXBuildFile; fileRef = D595EC6129D58E1500200B46 /* SignUpInteractor.swift */; };
		D595EC6629D58E1500200B46 /* SignUpViewModel.swift in Sources */ = {isa = PBXBuildFile; fileRef = D595EC6229D58E1500200B46 /* SignUpViewModel.swift */; };
		D595EC6829D58E3100200B46 /* SignUp.storyboard in Resources */ = {isa = PBXBuildFile; fileRef = D595EC6729D58E3100200B46 /* SignUp.storyboard */; };
		D599CE2329AFB0C500542F9E /* Worker.swift in Sources */ = {isa = PBXBuildFile; fileRef = D599CE2229AFB0C500542F9E /* Worker.swift */; };
		D59A680429E8525F0016F123 /* DB_User.swift in Sources */ = {isa = PBXBuildFile; fileRef = D59A680329E8525F0016F123 /* DB_User.swift */; };
		D59A680629E856000016F123 /* User.swift in Sources */ = {isa = PBXBuildFile; fileRef = D59A680529E856000016F123 /* User.swift */; };
		D59D09B729DD6B6300813B35 /* InfoCardView.swift in Sources */ = {isa = PBXBuildFile; fileRef = D59D09B329DD6B6300813B35 /* InfoCardView.swift */; };
		D59D09B929DD6B6300813B35 /* InfoCardViewModel.swift in Sources */ = {isa = PBXBuildFile; fileRef = D59D09B529DD6B6300813B35 /* InfoCardViewModel.swift */; };
		D59DB7EE29DAC53B00306F0C /* KittenCardModalPresenter.swift in Sources */ = {isa = PBXBuildFile; fileRef = D59DB7EA29DAC53B00306F0C /* KittenCardModalPresenter.swift */; };
		D59DB7EF29DAC53B00306F0C /* KittenCardModalViewController.swift in Sources */ = {isa = PBXBuildFile; fileRef = D59DB7EB29DAC53B00306F0C /* KittenCardModalViewController.swift */; };
		D59DB7F029DAC53B00306F0C /* KittenCardModalInteractor.swift in Sources */ = {isa = PBXBuildFile; fileRef = D59DB7EC29DAC53B00306F0C /* KittenCardModalInteractor.swift */; };
		D59DB7F129DAC53B00306F0C /* KittenCardModalViewModel.swift in Sources */ = {isa = PBXBuildFile; fileRef = D59DB7ED29DAC53B00306F0C /* KittenCardModalViewModel.swift */; };
		D5A073C029AE10B000202F0A /* DB_Kitten.swift in Sources */ = {isa = PBXBuildFile; fileRef = D5A073BF29AE10B000202F0A /* DB_Kitten.swift */; };
		D5A073C229AE10C000202F0A /* DB_Adopter.swift in Sources */ = {isa = PBXBuildFile; fileRef = D5A073C129AE10C000202F0A /* DB_Adopter.swift */; };
		D5A073C429AE10CD00202F0A /* DB_Weight.swift in Sources */ = {isa = PBXBuildFile; fileRef = D5A073C329AE10CD00202F0A /* DB_Weight.swift */; };
		D5A073C629AE113A00202F0A /* DB_Vaccine.swift in Sources */ = {isa = PBXBuildFile; fileRef = D5A073C529AE113A00202F0A /* DB_Vaccine.swift */; };
		D5A073C829AE3CD100202F0A /* Vaccine.swift in Sources */ = {isa = PBXBuildFile; fileRef = D5A073C729AE3CD100202F0A /* Vaccine.swift */; };
		D5A073CA29AE412500202F0A /* Weight.swift in Sources */ = {isa = PBXBuildFile; fileRef = D5A073C929AE412500202F0A /* Weight.swift */; };
		D5A073CC29AE45CE00202F0A /* DB_Litter.swift in Sources */ = {isa = PBXBuildFile; fileRef = D5A073CB29AE45CE00202F0A /* DB_Litter.swift */; };
		D5A1460129BA45D700E2327B /* Extensions.swift in Sources */ = {isa = PBXBuildFile; fileRef = D5A1460029BA45D700E2327B /* Extensions.swift */; };
		D5A1460629BB495000E2327B /* LittersMock.json in Resources */ = {isa = PBXBuildFile; fileRef = D5A1460529BB495000E2327B /* LittersMock.json */; };
		D5B5E24829D4697C00A84476 /* LoginPresenter.swift in Sources */ = {isa = PBXBuildFile; fileRef = D5B5E24429D4697C00A84476 /* LoginPresenter.swift */; };
		D5B5E24929D4697C00A84476 /* LoginViewController.swift in Sources */ = {isa = PBXBuildFile; fileRef = D5B5E24529D4697C00A84476 /* LoginViewController.swift */; };
		D5B5E24A29D4697C00A84476 /* LoginInteractor.swift in Sources */ = {isa = PBXBuildFile; fileRef = D5B5E24629D4697C00A84476 /* LoginInteractor.swift */; };
		D5B5E24B29D4697C00A84476 /* LoginViewModel.swift in Sources */ = {isa = PBXBuildFile; fileRef = D5B5E24729D4697C00A84476 /* LoginViewModel.swift */; };
		D5B5E24D29D4698B00A84476 /* Login.storyboard in Resources */ = {isa = PBXBuildFile; fileRef = D5B5E24C29D4698B00A84476 /* Login.storyboard */; };
		D5B5E24F29D46E3C00A84476 /* GoogleService-Info.plist in Resources */ = {isa = PBXBuildFile; fileRef = D5B5E24E29D46E3C00A84476 /* GoogleService-Info.plist */; };
		D5E9295129ACFAAC00ACDAEE /* TabBar.storyboard in Resources */ = {isa = PBXBuildFile; fileRef = D5E9295029ACFAAC00ACDAEE /* TabBar.storyboard */; };
		D5E9295329AD0D6F00ACDAEE /* Litter.swift in Sources */ = {isa = PBXBuildFile; fileRef = D5E9295229AD0D6F00ACDAEE /* Litter.swift */; };
		D5E9295729AD16B700ACDAEE /* FosterApp.xcdatamodeld in Sources */ = {isa = PBXBuildFile; fileRef = D5E9295529AD16B700ACDAEE /* FosterApp.xcdatamodeld */; };
		D5F0C6F729A90BEA002A0F65 /* AppDelegate.swift in Sources */ = {isa = PBXBuildFile; fileRef = D5F0C6F629A90BEA002A0F65 /* AppDelegate.swift */; };
		D5F0C6F929A90BEA002A0F65 /* SceneDelegate.swift in Sources */ = {isa = PBXBuildFile; fileRef = D5F0C6F829A90BEA002A0F65 /* SceneDelegate.swift */; };
		D5F0C70029A90BEF002A0F65 /* Assets.xcassets in Resources */ = {isa = PBXBuildFile; fileRef = D5F0C6FF29A90BEF002A0F65 /* Assets.xcassets */; };
		D5F0C70329A90BEF002A0F65 /* LaunchScreen.storyboard in Resources */ = {isa = PBXBuildFile; fileRef = D5F0C70129A90BEF002A0F65 /* LaunchScreen.storyboard */; };
		D5F0C71229A90D85002A0F65 /* KittenCardPresenter.swift in Sources */ = {isa = PBXBuildFile; fileRef = D5F0C70E29A90D85002A0F65 /* KittenCardPresenter.swift */; };
		D5F0C71329A90D85002A0F65 /* KittenCardViewController.swift in Sources */ = {isa = PBXBuildFile; fileRef = D5F0C70F29A90D85002A0F65 /* KittenCardViewController.swift */; };
		D5F0C71429A90D85002A0F65 /* KittenCardInteractor.swift in Sources */ = {isa = PBXBuildFile; fileRef = D5F0C71029A90D85002A0F65 /* KittenCardInteractor.swift */; };
		D5F0C71529A90D85002A0F65 /* KittenCardViewModel.swift in Sources */ = {isa = PBXBuildFile; fileRef = D5F0C71129A90D85002A0F65 /* KittenCardViewModel.swift */; };
		D5F0C71A29A90E48002A0F65 /* KittenCard.storyboard in Resources */ = {isa = PBXBuildFile; fileRef = D5F0C71929A90E48002A0F65 /* KittenCard.storyboard */; };
		D5F0C71E29A91B86002A0F65 /* Kitten.swift in Sources */ = {isa = PBXBuildFile; fileRef = D5F0C71D29A91B86002A0F65 /* Kitten.swift */; };
		D5F0C72429A91D2D002A0F65 /* LitterPresenter.swift in Sources */ = {isa = PBXBuildFile; fileRef = D5F0C72029A91D2D002A0F65 /* LitterPresenter.swift */; };
		D5F0C72529A91D2D002A0F65 /* LitterViewController.swift in Sources */ = {isa = PBXBuildFile; fileRef = D5F0C72129A91D2D002A0F65 /* LitterViewController.swift */; };
		D5F0C72629A91D2D002A0F65 /* LitterInteractor.swift in Sources */ = {isa = PBXBuildFile; fileRef = D5F0C72229A91D2D002A0F65 /* LitterInteractor.swift */; };
		D5F0C72729A91D2D002A0F65 /* LitterViewModel.swift in Sources */ = {isa = PBXBuildFile; fileRef = D5F0C72329A91D2D002A0F65 /* LitterViewModel.swift */; };
		D5F0C72929A91D3C002A0F65 /* Litter.storyboard in Resources */ = {isa = PBXBuildFile; fileRef = D5F0C72829A91D3C002A0F65 /* Litter.storyboard */; };
		D5FCBA3229CA09D3008985C9 /* DatePickerField.swift in Sources */ = {isa = PBXBuildFile; fileRef = D5FCBA3129CA09D3008985C9 /* DatePickerField.swift */; };
/* End PBXBuildFile section */

/* Begin PBXFileReference section */
		4A4D04655A2C7EAB32D6B24A /* Pods-FosterApp.release.xcconfig */ = {isa = PBXFileReference; includeInIndex = 1; lastKnownFileType = text.xcconfig; name = "Pods-FosterApp.release.xcconfig"; path = "Target Support Files/Pods-FosterApp/Pods-FosterApp.release.xcconfig"; sourceTree = "<group>"; };
		50A0D4DD42B6EDA0EDCC6221 /* Pods-FosterApp.debug.xcconfig */ = {isa = PBXFileReference; includeInIndex = 1; lastKnownFileType = text.xcconfig; name = "Pods-FosterApp.debug.xcconfig"; path = "Target Support Files/Pods-FosterApp/Pods-FosterApp.debug.xcconfig"; sourceTree = "<group>"; };
		D572729A29ACA79100A9C72E /* BaseViewController.swift */ = {isa = PBXFileReference; lastKnownFileType = sourcecode.swift; path = BaseViewController.swift; sourceTree = "<group>"; };
		D572729B29ACA79100A9C72E /* ViewModel.swift */ = {isa = PBXFileReference; lastKnownFileType = sourcecode.swift; path = ViewModel.swift; sourceTree = "<group>"; };
		D572729C29ACA79100A9C72E /* Interactor.swift */ = {isa = PBXFileReference; lastKnownFileType = sourcecode.swift; path = Interactor.swift; sourceTree = "<group>"; };
		D572729D29ACA79100A9C72E /* Presenter.swift */ = {isa = PBXFileReference; lastKnownFileType = sourcecode.swift; path = Presenter.swift; sourceTree = "<group>"; };
		D572729E29ACA79100A9C72E /* LoaderView.swift */ = {isa = PBXFileReference; lastKnownFileType = sourcecode.swift; path = LoaderView.swift; sourceTree = "<group>"; };
		D57272A429ACB41100A9C72E /* Adopter.swift */ = {isa = PBXFileReference; lastKnownFileType = sourcecode.swift; path = Adopter.swift; sourceTree = "<group>"; };
		D57272A729ACB9F400A9C72E /* WeightHistoryPresenter.swift */ = {isa = PBXFileReference; lastKnownFileType = sourcecode.swift; path = WeightHistoryPresenter.swift; sourceTree = "<group>"; };
		D57272A829ACB9F400A9C72E /* WeightHistoryViewController.swift */ = {isa = PBXFileReference; lastKnownFileType = sourcecode.swift; path = WeightHistoryViewController.swift; sourceTree = "<group>"; };
		D57272A929ACB9F400A9C72E /* WeightHistoryInteractor.swift */ = {isa = PBXFileReference; lastKnownFileType = sourcecode.swift; path = WeightHistoryInteractor.swift; sourceTree = "<group>"; };
		D57272AA29ACB9F400A9C72E /* WeightHistoryViewModel.swift */ = {isa = PBXFileReference; lastKnownFileType = sourcecode.swift; path = WeightHistoryViewModel.swift; sourceTree = "<group>"; };
		D57272AF29ACBA2700A9C72E /* WeightHistory.storyboard */ = {isa = PBXFileReference; lastKnownFileType = file.storyboard; path = WeightHistory.storyboard; sourceTree = "<group>"; };
		D57272B229ACBF6C00A9C72E /* MedicalHistoryPresenter.swift */ = {isa = PBXFileReference; lastKnownFileType = sourcecode.swift; path = MedicalHistoryPresenter.swift; sourceTree = "<group>"; };
		D57272B329ACBF6C00A9C72E /* MedicalHistoryViewController.swift */ = {isa = PBXFileReference; lastKnownFileType = sourcecode.swift; path = MedicalHistoryViewController.swift; sourceTree = "<group>"; };
		D57272B429ACBF6C00A9C72E /* MedicalHistoryInteractor.swift */ = {isa = PBXFileReference; lastKnownFileType = sourcecode.swift; path = MedicalHistoryInteractor.swift; sourceTree = "<group>"; };
		D57272B529ACBF6C00A9C72E /* MedicalHistoryViewModel.swift */ = {isa = PBXFileReference; lastKnownFileType = sourcecode.swift; path = MedicalHistoryViewModel.swift; sourceTree = "<group>"; };
		D57272BA29ACBF7E00A9C72E /* MedicalHistory.storyboard */ = {isa = PBXFileReference; lastKnownFileType = file.storyboard; path = MedicalHistory.storyboard; sourceTree = "<group>"; };
		D57272BE29ACE6F600A9C72E /* AddButton.swift */ = {isa = PBXFileReference; lastKnownFileType = sourcecode.swift; path = AddButton.swift; sourceTree = "<group>"; };
		D57272C129ACEAB900A9C72E /* LitterHistoryPresenter.swift */ = {isa = PBXFileReference; lastKnownFileType = sourcecode.swift; path = LitterHistoryPresenter.swift; sourceTree = "<group>"; };
		D57272C229ACEAB900A9C72E /* LitterHistoryViewController.swift */ = {isa = PBXFileReference; lastKnownFileType = sourcecode.swift; path = LitterHistoryViewController.swift; sourceTree = "<group>"; };
		D57272C329ACEAB900A9C72E /* LitterHistoryInteractor.swift */ = {isa = PBXFileReference; lastKnownFileType = sourcecode.swift; path = LitterHistoryInteractor.swift; sourceTree = "<group>"; };
		D57272C429ACEAB900A9C72E /* LitterHistoryViewModel.swift */ = {isa = PBXFileReference; lastKnownFileType = sourcecode.swift; path = LitterHistoryViewModel.swift; sourceTree = "<group>"; };
		D57272C929ACEAD700A9C72E /* LitterHistory.storyboard */ = {isa = PBXFileReference; lastKnownFileType = file.storyboard; path = LitterHistory.storyboard; sourceTree = "<group>"; };
		D57272CC29ACF4F200A9C72E /* HomePresenter.swift */ = {isa = PBXFileReference; lastKnownFileType = sourcecode.swift; path = HomePresenter.swift; sourceTree = "<group>"; };
		D57272CD29ACF4F200A9C72E /* HomeViewController.swift */ = {isa = PBXFileReference; lastKnownFileType = sourcecode.swift; path = HomeViewController.swift; sourceTree = "<group>"; };
		D57272CE29ACF4F200A9C72E /* HomeInteractor.swift */ = {isa = PBXFileReference; lastKnownFileType = sourcecode.swift; path = HomeInteractor.swift; sourceTree = "<group>"; };
		D57272CF29ACF4F200A9C72E /* HomeViewModel.swift */ = {isa = PBXFileReference; lastKnownFileType = sourcecode.swift; path = HomeViewModel.swift; sourceTree = "<group>"; };
		D57272D429ACF50100A9C72E /* Home.storyboard */ = {isa = PBXFileReference; lastKnownFileType = file.storyboard; path = Home.storyboard; sourceTree = "<group>"; };
		D585E62329D5DC7300D3ED9C /* Colors.xcassets */ = {isa = PBXFileReference; lastKnownFileType = folder.assetcatalog; path = Colors.xcassets; sourceTree = "<group>"; };
		D585E62629D5DF9C00D3ED9C /* KittenPresenter.swift */ = {isa = PBXFileReference; lastKnownFileType = sourcecode.swift; path = KittenPresenter.swift; sourceTree = "<group>"; };
		D585E62729D5DF9C00D3ED9C /* KittenViewController.swift */ = {isa = PBXFileReference; lastKnownFileType = sourcecode.swift; path = KittenViewController.swift; sourceTree = "<group>"; };
		D585E62829D5DF9C00D3ED9C /* KittenInteractor.swift */ = {isa = PBXFileReference; lastKnownFileType = sourcecode.swift; path = KittenInteractor.swift; sourceTree = "<group>"; };
		D585E62929D5DF9C00D3ED9C /* KittenViewModel.swift */ = {isa = PBXFileReference; lastKnownFileType = sourcecode.swift; path = KittenViewModel.swift; sourceTree = "<group>"; };
		D585E62E29D5DFCD00D3ED9C /* KittenCardModal.storyboard */ = {isa = PBXFileReference; lastKnownFileType = file.storyboard; path = KittenCardModal.storyboard; sourceTree = "<group>"; };
		D595EC5F29D58E1500200B46 /* SignUpPresenter.swift */ = {isa = PBXFileReference; lastKnownFileType = sourcecode.swift; path = SignUpPresenter.swift; sourceTree = "<group>"; };
		D595EC6029D58E1500200B46 /* SignUpViewController.swift */ = {isa = PBXFileReference; lastKnownFileType = sourcecode.swift; path = SignUpViewController.swift; sourceTree = "<group>"; };
		D595EC6129D58E1500200B46 /* SignUpInteractor.swift */ = {isa = PBXFileReference; lastKnownFileType = sourcecode.swift; path = SignUpInteractor.swift; sourceTree = "<group>"; };
		D595EC6229D58E1500200B46 /* SignUpViewModel.swift */ = {isa = PBXFileReference; lastKnownFileType = sourcecode.swift; path = SignUpViewModel.swift; sourceTree = "<group>"; };
		D595EC6729D58E3100200B46 /* SignUp.storyboard */ = {isa = PBXFileReference; lastKnownFileType = file.storyboard; path = SignUp.storyboard; sourceTree = "<group>"; };
		D599CE2229AFB0C500542F9E /* Worker.swift */ = {isa = PBXFileReference; lastKnownFileType = sourcecode.swift; path = Worker.swift; sourceTree = "<group>"; };
		D59A680329E8525F0016F123 /* DB_User.swift */ = {isa = PBXFileReference; lastKnownFileType = sourcecode.swift; path = DB_User.swift; sourceTree = "<group>"; };
		D59A680529E856000016F123 /* User.swift */ = {isa = PBXFileReference; lastKnownFileType = sourcecode.swift; path = User.swift; sourceTree = "<group>"; };
		D59D09B329DD6B6300813B35 /* InfoCardView.swift */ = {isa = PBXFileReference; lastKnownFileType = sourcecode.swift; path = InfoCardView.swift; sourceTree = "<group>"; };
		D59D09B529DD6B6300813B35 /* InfoCardViewModel.swift */ = {isa = PBXFileReference; lastKnownFileType = sourcecode.swift; path = InfoCardViewModel.swift; sourceTree = "<group>"; };
		D59D09BE29DD6CD100813B35 /* InfoCardView.xib */ = {isa = PBXFileReference; lastKnownFileType = file.xib; path = InfoCardView.xib; sourceTree = "<group>"; };
		D59DB7EA29DAC53B00306F0C /* KittenCardModalPresenter.swift */ = {isa = PBXFileReference; lastKnownFileType = sourcecode.swift; path = KittenCardModalPresenter.swift; sourceTree = "<group>"; };
		D59DB7EB29DAC53B00306F0C /* KittenCardModalViewController.swift */ = {isa = PBXFileReference; lastKnownFileType = sourcecode.swift; path = KittenCardModalViewController.swift; sourceTree = "<group>"; };
		D59DB7EC29DAC53B00306F0C /* KittenCardModalInteractor.swift */ = {isa = PBXFileReference; lastKnownFileType = sourcecode.swift; path = KittenCardModalInteractor.swift; sourceTree = "<group>"; };
		D59DB7ED29DAC53B00306F0C /* KittenCardModalViewModel.swift */ = {isa = PBXFileReference; lastKnownFileType = sourcecode.swift; path = KittenCardModalViewModel.swift; sourceTree = "<group>"; };
		D5A073BF29AE10B000202F0A /* DB_Kitten.swift */ = {isa = PBXFileReference; lastKnownFileType = sourcecode.swift; path = DB_Kitten.swift; sourceTree = "<group>"; };
		D5A073C129AE10C000202F0A /* DB_Adopter.swift */ = {isa = PBXFileReference; lastKnownFileType = sourcecode.swift; path = DB_Adopter.swift; sourceTree = "<group>"; };
		D5A073C329AE10CD00202F0A /* DB_Weight.swift */ = {isa = PBXFileReference; lastKnownFileType = sourcecode.swift; path = DB_Weight.swift; sourceTree = "<group>"; };
		D5A073C529AE113A00202F0A /* DB_Vaccine.swift */ = {isa = PBXFileReference; lastKnownFileType = sourcecode.swift; path = DB_Vaccine.swift; sourceTree = "<group>"; };
		D5A073C729AE3CD100202F0A /* Vaccine.swift */ = {isa = PBXFileReference; lastKnownFileType = sourcecode.swift; path = Vaccine.swift; sourceTree = "<group>"; };
		D5A073C929AE412500202F0A /* Weight.swift */ = {isa = PBXFileReference; lastKnownFileType = sourcecode.swift; path = Weight.swift; sourceTree = "<group>"; };
		D5A073CB29AE45CE00202F0A /* DB_Litter.swift */ = {isa = PBXFileReference; lastKnownFileType = sourcecode.swift; path = DB_Litter.swift; sourceTree = "<group>"; };
		D5A1460029BA45D700E2327B /* Extensions.swift */ = {isa = PBXFileReference; lastKnownFileType = sourcecode.swift; path = Extensions.swift; sourceTree = "<group>"; };
		D5A1460529BB495000E2327B /* LittersMock.json */ = {isa = PBXFileReference; lastKnownFileType = text.json; path = LittersMock.json; sourceTree = "<group>"; };
		D5B5E24429D4697C00A84476 /* LoginPresenter.swift */ = {isa = PBXFileReference; lastKnownFileType = sourcecode.swift; path = LoginPresenter.swift; sourceTree = "<group>"; };
		D5B5E24529D4697C00A84476 /* LoginViewController.swift */ = {isa = PBXFileReference; lastKnownFileType = sourcecode.swift; path = LoginViewController.swift; sourceTree = "<group>"; };
		D5B5E24629D4697C00A84476 /* LoginInteractor.swift */ = {isa = PBXFileReference; lastKnownFileType = sourcecode.swift; path = LoginInteractor.swift; sourceTree = "<group>"; };
		D5B5E24729D4697C00A84476 /* LoginViewModel.swift */ = {isa = PBXFileReference; lastKnownFileType = sourcecode.swift; path = LoginViewModel.swift; sourceTree = "<group>"; };
		D5B5E24C29D4698B00A84476 /* Login.storyboard */ = {isa = PBXFileReference; lastKnownFileType = file.storyboard; path = Login.storyboard; sourceTree = "<group>"; };
		D5B5E24E29D46E3C00A84476 /* GoogleService-Info.plist */ = {isa = PBXFileReference; fileEncoding = 4; lastKnownFileType = text.plist.xml; path = "GoogleService-Info.plist"; sourceTree = "<group>"; };
		D5E9295029ACFAAC00ACDAEE /* TabBar.storyboard */ = {isa = PBXFileReference; lastKnownFileType = file.storyboard; path = TabBar.storyboard; sourceTree = "<group>"; };
		D5E9295229AD0D6F00ACDAEE /* Litter.swift */ = {isa = PBXFileReference; lastKnownFileType = sourcecode.swift; path = Litter.swift; sourceTree = "<group>"; };
		D5E9295629AD16B700ACDAEE /* FosterApp.xcdatamodel */ = {isa = PBXFileReference; lastKnownFileType = wrapper.xcdatamodel; path = FosterApp.xcdatamodel; sourceTree = "<group>"; };
		D5F0C6F329A90BEA002A0F65 /* FosterApp.app */ = {isa = PBXFileReference; explicitFileType = wrapper.application; includeInIndex = 0; path = FosterApp.app; sourceTree = BUILT_PRODUCTS_DIR; };
		D5F0C6F629A90BEA002A0F65 /* AppDelegate.swift */ = {isa = PBXFileReference; lastKnownFileType = sourcecode.swift; path = AppDelegate.swift; sourceTree = "<group>"; };
		D5F0C6F829A90BEA002A0F65 /* SceneDelegate.swift */ = {isa = PBXFileReference; lastKnownFileType = sourcecode.swift; path = SceneDelegate.swift; sourceTree = "<group>"; };
		D5F0C6FF29A90BEF002A0F65 /* Assets.xcassets */ = {isa = PBXFileReference; lastKnownFileType = folder.assetcatalog; path = Assets.xcassets; sourceTree = "<group>"; };
		D5F0C70229A90BEF002A0F65 /* Base */ = {isa = PBXFileReference; lastKnownFileType = file.storyboard; name = Base; path = Base.lproj/LaunchScreen.storyboard; sourceTree = "<group>"; };
		D5F0C70429A90BEF002A0F65 /* Info.plist */ = {isa = PBXFileReference; lastKnownFileType = text.plist.xml; path = Info.plist; sourceTree = "<group>"; };
		D5F0C70E29A90D85002A0F65 /* KittenCardPresenter.swift */ = {isa = PBXFileReference; lastKnownFileType = sourcecode.swift; path = KittenCardPresenter.swift; sourceTree = "<group>"; };
		D5F0C70F29A90D85002A0F65 /* KittenCardViewController.swift */ = {isa = PBXFileReference; lastKnownFileType = sourcecode.swift; path = KittenCardViewController.swift; sourceTree = "<group>"; };
		D5F0C71029A90D85002A0F65 /* KittenCardInteractor.swift */ = {isa = PBXFileReference; lastKnownFileType = sourcecode.swift; path = KittenCardInteractor.swift; sourceTree = "<group>"; };
		D5F0C71129A90D85002A0F65 /* KittenCardViewModel.swift */ = {isa = PBXFileReference; lastKnownFileType = sourcecode.swift; path = KittenCardViewModel.swift; sourceTree = "<group>"; };
		D5F0C71929A90E48002A0F65 /* KittenCard.storyboard */ = {isa = PBXFileReference; lastKnownFileType = file.storyboard; path = KittenCard.storyboard; sourceTree = "<group>"; };
		D5F0C71D29A91B86002A0F65 /* Kitten.swift */ = {isa = PBXFileReference; lastKnownFileType = sourcecode.swift; path = Kitten.swift; sourceTree = "<group>"; };
		D5F0C72029A91D2D002A0F65 /* LitterPresenter.swift */ = {isa = PBXFileReference; lastKnownFileType = sourcecode.swift; path = LitterPresenter.swift; sourceTree = "<group>"; };
		D5F0C72129A91D2D002A0F65 /* LitterViewController.swift */ = {isa = PBXFileReference; lastKnownFileType = sourcecode.swift; path = LitterViewController.swift; sourceTree = "<group>"; };
		D5F0C72229A91D2D002A0F65 /* LitterInteractor.swift */ = {isa = PBXFileReference; lastKnownFileType = sourcecode.swift; path = LitterInteractor.swift; sourceTree = "<group>"; };
		D5F0C72329A91D2D002A0F65 /* LitterViewModel.swift */ = {isa = PBXFileReference; lastKnownFileType = sourcecode.swift; path = LitterViewModel.swift; sourceTree = "<group>"; };
		D5F0C72829A91D3C002A0F65 /* Litter.storyboard */ = {isa = PBXFileReference; lastKnownFileType = file.storyboard; path = Litter.storyboard; sourceTree = "<group>"; };
		D5FCBA3129CA09D3008985C9 /* DatePickerField.swift */ = {isa = PBXFileReference; lastKnownFileType = sourcecode.swift; path = DatePickerField.swift; sourceTree = "<group>"; };
		D81990801C67DE0C6FAAB50D /* Pods_FosterApp.framework */ = {isa = PBXFileReference; explicitFileType = wrapper.framework; includeInIndex = 0; path = Pods_FosterApp.framework; sourceTree = BUILT_PRODUCTS_DIR; };
/* End PBXFileReference section */

/* Begin PBXFrameworksBuildPhase section */
		D5F0C6F029A90BEA002A0F65 /* Frameworks */ = {
			isa = PBXFrameworksBuildPhase;
			buildActionMask = 2147483647;
			files = (
				6794FC8A6FA8CE952A17437F /* Pods_FosterApp.framework in Frameworks */,
			);
			runOnlyForDeploymentPostprocessing = 0;
		};
/* End PBXFrameworksBuildPhase section */

/* Begin PBXGroup section */
		800CD8B0F644CEEBC7276476 /* Pods */ = {
			isa = PBXGroup;
			children = (
				50A0D4DD42B6EDA0EDCC6221 /* Pods-FosterApp.debug.xcconfig */,
				4A4D04655A2C7EAB32D6B24A /* Pods-FosterApp.release.xcconfig */,
			);
			path = Pods;
			sourceTree = "<group>";
		};
		D56087F729DB128800F47783 /* Recovered References */ = {
			isa = PBXGroup;
			children = (
				D585E62929D5DF9C00D3ED9C /* KittenViewModel.swift */,
				D585E62829D5DF9C00D3ED9C /* KittenInteractor.swift */,
				D585E62629D5DF9C00D3ED9C /* KittenPresenter.swift */,
				D585E62729D5DF9C00D3ED9C /* KittenViewController.swift */,
			);
			name = "Recovered References";
			sourceTree = "<group>";
		};
		D572729929ACA77500A9C72E /* Base */ = {
			isa = PBXGroup;
			children = (
				D572729A29ACA79100A9C72E /* BaseViewController.swift */,
				D572729B29ACA79100A9C72E /* ViewModel.swift */,
				D572729C29ACA79100A9C72E /* Interactor.swift */,
				D572729D29ACA79100A9C72E /* Presenter.swift */,
				D572729E29ACA79100A9C72E /* LoaderView.swift */,
			);
			path = Base;
			sourceTree = "<group>";
		};
		D57272A629ACB97600A9C72E /* WeighingHistory */ = {
			isa = PBXGroup;
			children = (
				D57272A829ACB9F400A9C72E /* WeightHistoryViewController.swift */,
				D57272A929ACB9F400A9C72E /* WeightHistoryInteractor.swift */,
				D57272A729ACB9F400A9C72E /* WeightHistoryPresenter.swift */,
				D57272AA29ACB9F400A9C72E /* WeightHistoryViewModel.swift */,
				D57272AF29ACBA2700A9C72E /* WeightHistory.storyboard */,
			);
			path = WeighingHistory;
			sourceTree = "<group>";
		};
		D57272B129ACBF4300A9C72E /* MedicalHistory */ = {
			isa = PBXGroup;
			children = (
				D57272B329ACBF6C00A9C72E /* MedicalHistoryViewController.swift */,
				D57272B229ACBF6C00A9C72E /* MedicalHistoryPresenter.swift */,
				D57272B429ACBF6C00A9C72E /* MedicalHistoryInteractor.swift */,
				D57272B529ACBF6C00A9C72E /* MedicalHistoryViewModel.swift */,
				D57272BA29ACBF7E00A9C72E /* MedicalHistory.storyboard */,
			);
			path = MedicalHistory;
			sourceTree = "<group>";
		};
		D57272BC29ACE6CD00A9C72E /* Helpers */ = {
			isa = PBXGroup;
			children = (
				D5A145FF29BA45BF00E2327B /* Extensions */,
				D57272BD29ACE6D300A9C72E /* Components */,
			);
			path = Helpers;
			sourceTree = "<group>";
		};
		D57272BD29ACE6D300A9C72E /* Components */ = {
			isa = PBXGroup;
			children = (
				D57272BE29ACE6F600A9C72E /* AddButton.swift */,
				D5FCBA3129CA09D3008985C9 /* DatePickerField.swift */,
			);
			path = Components;
			sourceTree = "<group>";
		};
		D57272C029ACEA9B00A9C72E /* LitterHistory */ = {
			isa = PBXGroup;
			children = (
				D57272C229ACEAB900A9C72E /* LitterHistoryViewController.swift */,
				D57272C329ACEAB900A9C72E /* LitterHistoryInteractor.swift */,
				D57272C129ACEAB900A9C72E /* LitterHistoryPresenter.swift */,
				D57272C429ACEAB900A9C72E /* LitterHistoryViewModel.swift */,
				D57272C929ACEAD700A9C72E /* LitterHistory.storyboard */,
			);
			path = LitterHistory;
			sourceTree = "<group>";
		};
		D57272CB29ACF4DB00A9C72E /* Home */ = {
			isa = PBXGroup;
			children = (
				D57272CD29ACF4F200A9C72E /* HomeViewController.swift */,
				D57272CE29ACF4F200A9C72E /* HomeInteractor.swift */,
				D57272CC29ACF4F200A9C72E /* HomePresenter.swift */,
				D57272CF29ACF4F200A9C72E /* HomeViewModel.swift */,
				D57272D429ACF50100A9C72E /* Home.storyboard */,
			);
			path = Home;
			sourceTree = "<group>";
		};
		D585E62529D5DF6E00D3ED9C /* KittenCardModal */ = {
			isa = PBXGroup;
			children = (
				D59DB7EB29DAC53B00306F0C /* KittenCardModalViewController.swift */,
				D59DB7EC29DAC53B00306F0C /* KittenCardModalInteractor.swift */,
				D59DB7EA29DAC53B00306F0C /* KittenCardModalPresenter.swift */,
				D59DB7ED29DAC53B00306F0C /* KittenCardModalViewModel.swift */,
				D585E62E29D5DFCD00D3ED9C /* KittenCardModal.storyboard */,
			);
			path = KittenCardModal;
			sourceTree = "<group>";
		};
		D595EC5E29D58DEC00200B46 /* SignUp */ = {
			isa = PBXGroup;
			children = (
				D595EC6029D58E1500200B46 /* SignUpViewController.swift */,
				D595EC6129D58E1500200B46 /* SignUpInteractor.swift */,
				D595EC5F29D58E1500200B46 /* SignUpPresenter.swift */,
				D595EC6229D58E1500200B46 /* SignUpViewModel.swift */,
				D595EC6729D58E3100200B46 /* SignUp.storyboard */,
			);
			path = SignUp;
			sourceTree = "<group>";
		};
		D5A073CD29AE5A2700202F0A /* Workers */ = {
			isa = PBXGroup;
			children = (
				D599CE2229AFB0C500542F9E /* Worker.swift */,
			);
			path = Workers;
			sourceTree = "<group>";
		};
		D5A145FF29BA45BF00E2327B /* Extensions */ = {
			isa = PBXGroup;
			children = (
				D5A1460029BA45D700E2327B /* Extensions.swift */,
			);
			path = Extensions;
			sourceTree = "<group>";
		};
		D5A1460229BB490600E2327B /* Mocks */ = {
			isa = PBXGroup;
			children = (
				D5A1460529BB495000E2327B /* LittersMock.json */,
			);
			path = Mocks;
			sourceTree = "<group>";
		};
		D5B5E24329D4694D00A84476 /* Login  */ = {
			isa = PBXGroup;
			children = (
				D5B5E24529D4697C00A84476 /* LoginViewController.swift */,
				D5B5E24629D4697C00A84476 /* LoginInteractor.swift */,
				D5B5E24429D4697C00A84476 /* LoginPresenter.swift */,
				D5B5E24729D4697C00A84476 /* LoginViewModel.swift */,
				D5B5E24C29D4698B00A84476 /* Login.storyboard */,
			);
			path = "Login ";
			sourceTree = "<group>";
		};
		D5E9295429AD169400ACDAEE /* CoreData */ = {
			isa = PBXGroup;
			children = (
				D5E9295529AD16B700ACDAEE /* FosterApp.xcdatamodeld */,
				D5A073BF29AE10B000202F0A /* DB_Kitten.swift */,
				D5A073C129AE10C000202F0A /* DB_Adopter.swift */,
				D5A073C329AE10CD00202F0A /* DB_Weight.swift */,
				D5A073C529AE113A00202F0A /* DB_Vaccine.swift */,
				D5A073CB29AE45CE00202F0A /* DB_Litter.swift */,
				D59A680329E8525F0016F123 /* DB_User.swift */,
			);
			path = CoreData;
			sourceTree = "<group>";
		};
		D5F0C6EA29A90BEA002A0F65 = {
			isa = PBXGroup;
			children = (
				D5F0C6F529A90BEA002A0F65 /* FosterApp */,
				D5B5E24E29D46E3C00A84476 /* GoogleService-Info.plist */,
				D5F0C6F429A90BEA002A0F65 /* Products */,
				800CD8B0F644CEEBC7276476 /* Pods */,
				E485B780F421769D7DD67366 /* Frameworks */,
				D56087F729DB128800F47783 /* Recovered References */,
			);
			sourceTree = "<group>";
		};
		D5F0C6F429A90BEA002A0F65 /* Products */ = {
			isa = PBXGroup;
			children = (
				D5F0C6F329A90BEA002A0F65 /* FosterApp.app */,
			);
			name = Products;
			sourceTree = "<group>";
		};
		D5F0C6F529A90BEA002A0F65 /* FosterApp */ = {
			isa = PBXGroup;
			children = (
				D5A073CD29AE5A2700202F0A /* Workers */,
				D57272BC29ACE6CD00A9C72E /* Helpers */,
				D5F0C71B29A91B66002A0F65 /* Data */,
				D5F0C70C29A90CCB002A0F65 /* Resources */,
				D5F0C70A29A90C17002A0F65 /* Modules */,
			);
			path = FosterApp;
			sourceTree = "<group>";
		};
		D5F0C70A29A90C17002A0F65 /* Modules */ = {
			isa = PBXGroup;
			children = (
				D595EC5E29D58DEC00200B46 /* SignUp */,
				D5B5E24329D4694D00A84476 /* Login  */,
				D57272CB29ACF4DB00A9C72E /* Home */,
				D57272C029ACEA9B00A9C72E /* LitterHistory */,
				D57272B129ACBF4300A9C72E /* MedicalHistory */,
				D57272A629ACB97600A9C72E /* WeighingHistory */,
				D5F0C71F29A91D15002A0F65 /* Litter */,
				D5F0C71629A90DC4002A0F65 /* TabBar */,
				D5F0C70D29A90D54002A0F65 /* KittenCard */,
				D585E62529D5DF6E00D3ED9C /* KittenCardModal */,
				D5F0C70B29A90CA4002A0F65 /* App */,
			);
			path = Modules;
			sourceTree = "<group>";
		};
		D5F0C70B29A90CA4002A0F65 /* App */ = {
			isa = PBXGroup;
			children = (
				D5F0C6F629A90BEA002A0F65 /* AppDelegate.swift */,
				D5F0C6F829A90BEA002A0F65 /* SceneDelegate.swift */,
				D5F0C70129A90BEF002A0F65 /* LaunchScreen.storyboard */,
			);
			path = App;
			sourceTree = "<group>";
		};
		D5F0C70C29A90CCB002A0F65 /* Resources */ = {
			isa = PBXGroup;
			children = (
				D572729929ACA77500A9C72E /* Base */,
				D5F0C6FF29A90BEF002A0F65 /* Assets.xcassets */,
				D5F0C70429A90BEF002A0F65 /* Info.plist */,
				D585E62329D5DC7300D3ED9C /* Colors.xcassets */,
			);
			path = Resources;
			sourceTree = "<group>";
		};
		D5F0C70D29A90D54002A0F65 /* KittenCard */ = {
			isa = PBXGroup;
			children = (
				D5F0C70F29A90D85002A0F65 /* KittenCardViewController.swift */,
				D5F0C71029A90D85002A0F65 /* KittenCardInteractor.swift */,
				D5F0C70E29A90D85002A0F65 /* KittenCardPresenter.swift */,
				D5F0C71129A90D85002A0F65 /* KittenCardViewModel.swift */,
				D5F0C71929A90E48002A0F65 /* KittenCard.storyboard */,
			);
			path = KittenCard;
			sourceTree = "<group>";
		};
		D5F0C71629A90DC4002A0F65 /* TabBar */ = {
			isa = PBXGroup;
			children = (
				D5E9295029ACFAAC00ACDAEE /* TabBar.storyboard */,
			);
			path = TabBar;
			sourceTree = "<group>";
		};
		D5F0C71B29A91B66002A0F65 /* Data */ = {
			isa = PBXGroup;
			children = (
				D5A1460229BB490600E2327B /* Mocks */,
				D5E9295429AD169400ACDAEE /* CoreData */,
				D5F0C71C29A91B6C002A0F65 /* Models */,
			);
			path = Data;
			sourceTree = "<group>";
		};
		D5F0C71C29A91B6C002A0F65 /* Models */ = {
			isa = PBXGroup;
			children = (
				D5F0C71D29A91B86002A0F65 /* Kitten.swift */,
				D57272A429ACB41100A9C72E /* Adopter.swift */,
				D5E9295229AD0D6F00ACDAEE /* Litter.swift */,
				D5A073C729AE3CD100202F0A /* Vaccine.swift */,
				D5A073C929AE412500202F0A /* Weight.swift */,
				D59A680529E856000016F123 /* User.swift */,
			);
			path = Models;
			sourceTree = "<group>";
		};
		D5F0C71F29A91D15002A0F65 /* Litter */ = {
			isa = PBXGroup;
			children = (
				D5F0C72129A91D2D002A0F65 /* LitterViewController.swift */,
				D5F0C72229A91D2D002A0F65 /* LitterInteractor.swift */,
				D5F0C72029A91D2D002A0F65 /* LitterPresenter.swift */,
				D5F0C72329A91D2D002A0F65 /* LitterViewModel.swift */,
				D5F0C72829A91D3C002A0F65 /* Litter.storyboard */,
			);
			path = Litter;
			sourceTree = "<group>";
		};
		E485B780F421769D7DD67366 /* Frameworks */ = {
			isa = PBXGroup;
			children = (
				D81990801C67DE0C6FAAB50D /* Pods_FosterApp.framework */,
			);
			name = Frameworks;
			sourceTree = "<group>";
		};
/* End PBXGroup section */

/* Begin PBXNativeTarget section */
		D5F0C6F229A90BEA002A0F65 /* FosterApp */ = {
			isa = PBXNativeTarget;
			buildConfigurationList = D5F0C70729A90BEF002A0F65 /* Build configuration list for PBXNativeTarget "FosterApp" */;
			buildPhases = (
				FE98689C5E00CC1C8D532041 /* [CP] Check Pods Manifest.lock */,
				D56087F829DB145B00F47783 /* Swiftlint */,
				D5F0C6EF29A90BEA002A0F65 /* Sources */,
				D5F0C6F029A90BEA002A0F65 /* Frameworks */,
				D5F0C6F129A90BEA002A0F65 /* Resources */,
				D667D0DCFDCBEF9C4FA69122 /* [CP] Embed Pods Frameworks */,
			);
			buildRules = (
			);
			dependencies = (
			);
			name = FosterApp;
			packageProductDependencies = (
			);
			productName = FosterApp;
			productReference = D5F0C6F329A90BEA002A0F65 /* FosterApp.app */;
			productType = "com.apple.product-type.application";
		};
/* End PBXNativeTarget section */

/* Begin PBXProject section */
		D5F0C6EB29A90BEA002A0F65 /* Project object */ = {
			isa = PBXProject;
			attributes = {
				BuildIndependentTargetsInParallel = 1;
				LastSwiftUpdateCheck = 1420;
				LastUpgradeCheck = 1420;
				TargetAttributes = {
					D5F0C6F229A90BEA002A0F65 = {
						CreatedOnToolsVersion = 14.2;
					};
				};
			};
			buildConfigurationList = D5F0C6EE29A90BEA002A0F65 /* Build configuration list for PBXProject "FosterApp" */;
			compatibilityVersion = "Xcode 13.0";
			developmentRegion = en;
			hasScannedForEncodings = 0;
			knownRegions = (
				en,
				Base,
			);
			mainGroup = D5F0C6EA29A90BEA002A0F65;
			packageReferences = (
			);
			productRefGroup = D5F0C6F429A90BEA002A0F65 /* Products */;
			projectDirPath = "";
			projectRoot = "";
			targets = (
				D5F0C6F229A90BEA002A0F65 /* FosterApp */,
			);
		};
/* End PBXProject section */

/* Begin PBXResourcesBuildPhase section */
		D5F0C6F129A90BEA002A0F65 /* Resources */ = {
			isa = PBXResourcesBuildPhase;
			buildActionMask = 2147483647;
			files = (
				D57272B029ACBA2700A9C72E /* WeightHistory.storyboard in Resources */,
				D5E9295129ACFAAC00ACDAEE /* TabBar.storyboard in Resources */,
				D57272D529ACF50100A9C72E /* Home.storyboard in Resources */,
				D585E62F29D5DFCD00D3ED9C /* KittenCardModal.storyboard in Resources */,
				D585E62F29D5DFCD00D3ED9C /* KittenCardModal.storyboard in Resources */,
				D57272BB29ACBF7E00A9C72E /* MedicalHistory.storyboard in Resources */,
				D5F0C72929A91D3C002A0F65 /* Litter.storyboard in Resources */,
				D5B5E24F29D46E3C00A84476 /* GoogleService-Info.plist in Resources */,
				D57272CA29ACEAD700A9C72E /* LitterHistory.storyboard in Resources */,
				D595EC6829D58E3100200B46 /* SignUp.storyboard in Resources */,
				D5F0C70329A90BEF002A0F65 /* LaunchScreen.storyboard in Resources */,
				D5F0C71A29A90E48002A0F65 /* KittenCard.storyboard in Resources */,
				D5F0C70029A90BEF002A0F65 /* Assets.xcassets in Resources */,
				D5A1460629BB495000E2327B /* LittersMock.json in Resources */,
				D5B5E24D29D4698B00A84476 /* Login.storyboard in Resources */,
				D585E62429D5DC7300D3ED9C /* Colors.xcassets in Resources */,
			);
			runOnlyForDeploymentPostprocessing = 0;
		};
/* End PBXResourcesBuildPhase section */

/* Begin PBXShellScriptBuildPhase section */
		D56087F829DB145B00F47783 /* Swiftlint */ = {
			isa = PBXShellScriptBuildPhase;
			buildActionMask = 2147483647;
			files = (
			);
			inputFileListPaths = (
			);
			inputPaths = (
			);
			name = Swiftlint;
			outputFileListPaths = (
			);
			outputPaths = (
			);
			runOnlyForDeploymentPostprocessing = 0;
			shellPath = /bin/sh;
			shellScript = "export PATH=\"$PATH:/opt/homebrew/bin\"\n\nif which swiftlint > /dev/null; then\n    swiftlint\nelse\n    echo \"error: SwiftLint not installed, download from https://github.com/realm/SwiftLint\"\nfi\n";
		};
		D667D0DCFDCBEF9C4FA69122 /* [CP] Embed Pods Frameworks */ = {
			isa = PBXShellScriptBuildPhase;
			buildActionMask = 2147483647;
			files = (
			);
			inputFileListPaths = (
				"${PODS_ROOT}/Target Support Files/Pods-FosterApp/Pods-FosterApp-frameworks-${CONFIGURATION}-input-files.xcfilelist",
			);
			name = "[CP] Embed Pods Frameworks";
			outputFileListPaths = (
				"${PODS_ROOT}/Target Support Files/Pods-FosterApp/Pods-FosterApp-frameworks-${CONFIGURATION}-output-files.xcfilelist",
			);
			runOnlyForDeploymentPostprocessing = 0;
			shellPath = /bin/sh;
			shellScript = "\"${PODS_ROOT}/Target Support Files/Pods-FosterApp/Pods-FosterApp-frameworks.sh\"\n";
			showEnvVarsInLog = 0;
		};
		FE98689C5E00CC1C8D532041 /* [CP] Check Pods Manifest.lock */ = {
			isa = PBXShellScriptBuildPhase;
			buildActionMask = 2147483647;
			files = (
			);
			inputFileListPaths = (
			);
			inputPaths = (
				"${PODS_PODFILE_DIR_PATH}/Podfile.lock",
				"${PODS_ROOT}/Manifest.lock",
			);
			name = "[CP] Check Pods Manifest.lock";
			outputFileListPaths = (
			);
			outputPaths = (
				"$(DERIVED_FILE_DIR)/Pods-FosterApp-checkManifestLockResult.txt",
			);
			runOnlyForDeploymentPostprocessing = 0;
			shellPath = /bin/sh;
			shellScript = "diff \"${PODS_PODFILE_DIR_PATH}/Podfile.lock\" \"${PODS_ROOT}/Manifest.lock\" > /dev/null\nif [ $? != 0 ] ; then\n    # print error to STDERR\n    echo \"error: The sandbox is not in sync with the Podfile.lock. Run 'pod install' or update your CocoaPods installation.\" >&2\n    exit 1\nfi\n# This output is used by Xcode 'outputs' to avoid re-running this script phase.\necho \"SUCCESS\" > \"${SCRIPT_OUTPUT_FILE_0}\"\n";
			showEnvVarsInLog = 0;
		};
/* End PBXShellScriptBuildPhase section */

/* Begin PBXSourcesBuildPhase section */
		D5F0C6EF29A90BEA002A0F65 /* Sources */ = {
			isa = PBXSourcesBuildPhase;
			buildActionMask = 2147483647;
			files = (
				D59DB7EE29DAC53B00306F0C /* KittenCardModalPresenter.swift in Sources */,
				D572729F29ACA79100A9C72E /* BaseViewController.swift in Sources */,
				D5A073C629AE113A00202F0A /* DB_Vaccine.swift in Sources */,
				D57272A229ACA79100A9C72E /* Presenter.swift in Sources */,
				D59A680629E856000016F123 /* User.swift in Sources */,
				D5F0C72629A91D2D002A0F65 /* LitterInteractor.swift in Sources */,
				D5F0C71329A90D85002A0F65 /* KittenCardViewController.swift in Sources */,
				D5A073CC29AE45CE00202F0A /* DB_Litter.swift in Sources */,
				D5A073CA29AE412500202F0A /* Weight.swift in Sources */,
				D57272C629ACEAB900A9C72E /* LitterHistoryViewController.swift in Sources */,
				D5A073C829AE3CD100202F0A /* Vaccine.swift in Sources */,
				D5B5E24A29D4697C00A84476 /* LoginInteractor.swift in Sources */,
				D599CE2329AFB0C500542F9E /* Worker.swift in Sources */,
				D5A1460129BA45D700E2327B /* Extensions.swift in Sources */,
				D5F0C71229A90D85002A0F65 /* KittenCardPresenter.swift in Sources */,
				D5B5E24929D4697C00A84476 /* LoginViewController.swift in Sources */,
				D57272AD29ACB9F400A9C72E /* WeightHistoryInteractor.swift in Sources */,
				D5F0C72429A91D2D002A0F65 /* LitterPresenter.swift in Sources */,
				D57272A029ACA79100A9C72E /* ViewModel.swift in Sources */,
				D57272C529ACEAB900A9C72E /* LitterHistoryPresenter.swift in Sources */,
				D595EC6329D58E1500200B46 /* SignUpPresenter.swift in Sources */,
				D5A073C429AE10CD00202F0A /* DB_Weight.swift in Sources */,
				D5E9295729AD16B700ACDAEE /* FosterApp.xcdatamodeld in Sources */,
				D57272C729ACEAB900A9C72E /* LitterHistoryInteractor.swift in Sources */,
				D57272C829ACEAB900A9C72E /* LitterHistoryViewModel.swift in Sources */,
				D57272B829ACBF6C00A9C72E /* MedicalHistoryInteractor.swift in Sources */,
				D57272B629ACBF6C00A9C72E /* MedicalHistoryPresenter.swift in Sources */,
				D59A680429E8525F0016F123 /* DB_User.swift in Sources */,
				D57272D029ACF4F200A9C72E /* HomePresenter.swift in Sources */,
				D595EC6529D58E1500200B46 /* SignUpInteractor.swift in Sources */,
				D59DB7EF29DAC53B00306F0C /* KittenCardModalViewController.swift in Sources */,
				D5F0C71429A90D85002A0F65 /* KittenCardInteractor.swift in Sources */,
				D5F0C71529A90D85002A0F65 /* KittenCardViewModel.swift in Sources */,
				D5E9295329AD0D6F00ACDAEE /* Litter.swift in Sources */,
				D5F0C72529A91D2D002A0F65 /* LitterViewController.swift in Sources */,
				D5F0C72729A91D2D002A0F65 /* LitterViewModel.swift in Sources */,
				D5F0C6F729A90BEA002A0F65 /* AppDelegate.swift in Sources */,
				D5A073C029AE10B000202F0A /* DB_Kitten.swift in Sources */,
				D57272A529ACB41100A9C72E /* Adopter.swift in Sources */,
				D57272AE29ACB9F400A9C72E /* WeightHistoryViewModel.swift in Sources */,
				D57272D329ACF4F200A9C72E /* HomeViewModel.swift in Sources */,
				D57272B729ACBF6C00A9C72E /* MedicalHistoryViewController.swift in Sources */,
				D59DB7F029DAC53B00306F0C /* KittenCardModalInteractor.swift in Sources */,
				D59DB7F129DAC53B00306F0C /* KittenCardModalViewModel.swift in Sources */,
				D57272B929ACBF6C00A9C72E /* MedicalHistoryViewModel.swift in Sources */,
				D57272A129ACA79100A9C72E /* Interactor.swift in Sources */,
				D595EC6629D58E1500200B46 /* SignUpViewModel.swift in Sources */,
				D5B5E24B29D4697C00A84476 /* LoginViewModel.swift in Sources */,
				D5B5E24829D4697C00A84476 /* LoginPresenter.swift in Sources */,
				D5A073C229AE10C000202F0A /* DB_Adopter.swift in Sources */,
				D57272BF29ACE6F600A9C72E /* AddButton.swift in Sources */,
				D57272A329ACA79100A9C72E /* LoaderView.swift in Sources */,
				D57272AB29ACB9F400A9C72E /* WeightHistoryPresenter.swift in Sources */,
				D57272D129ACF4F200A9C72E /* HomeViewController.swift in Sources */,
				D5FCBA3229CA09D3008985C9 /* DatePickerField.swift in Sources */,
				D5F0C71E29A91B86002A0F65 /* Kitten.swift in Sources */,
				D5F0C6F929A90BEA002A0F65 /* SceneDelegate.swift in Sources */,
				D57272AC29ACB9F400A9C72E /* WeightHistoryViewController.swift in Sources */,
				D595EC6429D58E1500200B46 /* SignUpViewController.swift in Sources */,
				D57272D229ACF4F200A9C72E /* HomeInteractor.swift in Sources */,
			);
			runOnlyForDeploymentPostprocessing = 0;
		};
/* End PBXSourcesBuildPhase section */

/* Begin PBXVariantGroup section */
		D5F0C70129A90BEF002A0F65 /* LaunchScreen.storyboard */ = {
			isa = PBXVariantGroup;
			children = (
				D5F0C70229A90BEF002A0F65 /* Base */,
			);
			name = LaunchScreen.storyboard;
			sourceTree = "<group>";
		};
/* End PBXVariantGroup section */

/* Begin XCBuildConfiguration section */
		D5F0C70529A90BEF002A0F65 /* Debug */ = {
			isa = XCBuildConfiguration;
			buildSettings = {
				ALWAYS_SEARCH_USER_PATHS = NO;
				CLANG_ANALYZER_NONNULL = YES;
				CLANG_ANALYZER_NUMBER_OBJECT_CONVERSION = YES_AGGRESSIVE;
				CLANG_CXX_LANGUAGE_STANDARD = "gnu++20";
				CLANG_ENABLE_MODULES = YES;
				CLANG_ENABLE_OBJC_ARC = YES;
				CLANG_ENABLE_OBJC_WEAK = YES;
				CLANG_WARN_BLOCK_CAPTURE_AUTORELEASING = YES;
				CLANG_WARN_BOOL_CONVERSION = YES;
				CLANG_WARN_COMMA = YES;
				CLANG_WARN_CONSTANT_CONVERSION = YES;
				CLANG_WARN_DEPRECATED_OBJC_IMPLEMENTATIONS = YES;
				CLANG_WARN_DIRECT_OBJC_ISA_USAGE = YES_ERROR;
				CLANG_WARN_DOCUMENTATION_COMMENTS = YES;
				CLANG_WARN_EMPTY_BODY = YES;
				CLANG_WARN_ENUM_CONVERSION = YES;
				CLANG_WARN_INFINITE_RECURSION = YES;
				CLANG_WARN_INT_CONVERSION = YES;
				CLANG_WARN_NON_LITERAL_NULL_CONVERSION = YES;
				CLANG_WARN_OBJC_IMPLICIT_RETAIN_SELF = YES;
				CLANG_WARN_OBJC_LITERAL_CONVERSION = YES;
				CLANG_WARN_OBJC_ROOT_CLASS = YES_ERROR;
				CLANG_WARN_QUOTED_INCLUDE_IN_FRAMEWORK_HEADER = YES;
				CLANG_WARN_RANGE_LOOP_ANALYSIS = YES;
				CLANG_WARN_STRICT_PROTOTYPES = YES;
				CLANG_WARN_SUSPICIOUS_MOVE = YES;
				CLANG_WARN_UNGUARDED_AVAILABILITY = YES_AGGRESSIVE;
				CLANG_WARN_UNREACHABLE_CODE = YES;
				CLANG_WARN__DUPLICATE_METHOD_MATCH = YES;
				COPY_PHASE_STRIP = NO;
				DEBUG_INFORMATION_FORMAT = dwarf;
				ENABLE_STRICT_OBJC_MSGSEND = YES;
				ENABLE_TESTABILITY = YES;
				GCC_C_LANGUAGE_STANDARD = gnu11;
				GCC_DYNAMIC_NO_PIC = NO;
				GCC_NO_COMMON_BLOCKS = YES;
				GCC_OPTIMIZATION_LEVEL = 0;
				GCC_PREPROCESSOR_DEFINITIONS = (
					"DEBUG=1",
					"$(inherited)",
				);
				GCC_WARN_64_TO_32_BIT_CONVERSION = YES;
				GCC_WARN_ABOUT_RETURN_TYPE = YES_ERROR;
				GCC_WARN_UNDECLARED_SELECTOR = YES;
				GCC_WARN_UNINITIALIZED_AUTOS = YES_AGGRESSIVE;
				GCC_WARN_UNUSED_FUNCTION = YES;
				GCC_WARN_UNUSED_VARIABLE = YES;
				IPHONEOS_DEPLOYMENT_TARGET = 16.2;
				MTL_ENABLE_DEBUG_INFO = INCLUDE_SOURCE;
				MTL_FAST_MATH = YES;
				ONLY_ACTIVE_ARCH = YES;
				SDKROOT = iphoneos;
				SWIFT_ACTIVE_COMPILATION_CONDITIONS = DEBUG;
				SWIFT_OPTIMIZATION_LEVEL = "-Onone";
			};
			name = Debug;
		};
		D5F0C70629A90BEF002A0F65 /* Release */ = {
			isa = XCBuildConfiguration;
			buildSettings = {
				ALWAYS_SEARCH_USER_PATHS = NO;
				CLANG_ANALYZER_NONNULL = YES;
				CLANG_ANALYZER_NUMBER_OBJECT_CONVERSION = YES_AGGRESSIVE;
				CLANG_CXX_LANGUAGE_STANDARD = "gnu++20";
				CLANG_ENABLE_MODULES = YES;
				CLANG_ENABLE_OBJC_ARC = YES;
				CLANG_ENABLE_OBJC_WEAK = YES;
				CLANG_WARN_BLOCK_CAPTURE_AUTORELEASING = YES;
				CLANG_WARN_BOOL_CONVERSION = YES;
				CLANG_WARN_COMMA = YES;
				CLANG_WARN_CONSTANT_CONVERSION = YES;
				CLANG_WARN_DEPRECATED_OBJC_IMPLEMENTATIONS = YES;
				CLANG_WARN_DIRECT_OBJC_ISA_USAGE = YES_ERROR;
				CLANG_WARN_DOCUMENTATION_COMMENTS = YES;
				CLANG_WARN_EMPTY_BODY = YES;
				CLANG_WARN_ENUM_CONVERSION = YES;
				CLANG_WARN_INFINITE_RECURSION = YES;
				CLANG_WARN_INT_CONVERSION = YES;
				CLANG_WARN_NON_LITERAL_NULL_CONVERSION = YES;
				CLANG_WARN_OBJC_IMPLICIT_RETAIN_SELF = YES;
				CLANG_WARN_OBJC_LITERAL_CONVERSION = YES;
				CLANG_WARN_OBJC_ROOT_CLASS = YES_ERROR;
				CLANG_WARN_QUOTED_INCLUDE_IN_FRAMEWORK_HEADER = YES;
				CLANG_WARN_RANGE_LOOP_ANALYSIS = YES;
				CLANG_WARN_STRICT_PROTOTYPES = YES;
				CLANG_WARN_SUSPICIOUS_MOVE = YES;
				CLANG_WARN_UNGUARDED_AVAILABILITY = YES_AGGRESSIVE;
				CLANG_WARN_UNREACHABLE_CODE = YES;
				CLANG_WARN__DUPLICATE_METHOD_MATCH = YES;
				COPY_PHASE_STRIP = NO;
				DEBUG_INFORMATION_FORMAT = "dwarf-with-dsym";
				ENABLE_NS_ASSERTIONS = NO;
				ENABLE_STRICT_OBJC_MSGSEND = YES;
				GCC_C_LANGUAGE_STANDARD = gnu11;
				GCC_NO_COMMON_BLOCKS = YES;
				GCC_WARN_64_TO_32_BIT_CONVERSION = YES;
				GCC_WARN_ABOUT_RETURN_TYPE = YES_ERROR;
				GCC_WARN_UNDECLARED_SELECTOR = YES;
				GCC_WARN_UNINITIALIZED_AUTOS = YES_AGGRESSIVE;
				GCC_WARN_UNUSED_FUNCTION = YES;
				GCC_WARN_UNUSED_VARIABLE = YES;
				IPHONEOS_DEPLOYMENT_TARGET = 16.2;
				MTL_ENABLE_DEBUG_INFO = NO;
				MTL_FAST_MATH = YES;
				SDKROOT = iphoneos;
				SWIFT_COMPILATION_MODE = wholemodule;
				SWIFT_OPTIMIZATION_LEVEL = "-O";
				VALIDATE_PRODUCT = YES;
			};
			name = Release;
		};
		D5F0C70829A90BEF002A0F65 /* Debug */ = {
			isa = XCBuildConfiguration;
			baseConfigurationReference = 50A0D4DD42B6EDA0EDCC6221 /* Pods-FosterApp.debug.xcconfig */;
			buildSettings = {
				ASSETCATALOG_COMPILER_APPICON_NAME = AppIcon;
				ASSETCATALOG_COMPILER_GLOBAL_ACCENT_COLOR_NAME = AccentColor;
				CODE_SIGN_STYLE = Automatic;
				CURRENT_PROJECT_VERSION = 1;
				DEVELOPMENT_TEAM = N99GL92MJ5;
				GENERATE_INFOPLIST_FILE = YES;
				INFOPLIST_FILE = FosterApp/Resources/Info.plist;
				INFOPLIST_KEY_UIApplicationSupportsIndirectInputEvents = YES;
				INFOPLIST_KEY_UILaunchStoryboardName = LaunchScreen;
				INFOPLIST_KEY_UIMainStoryboardFile = TabBar;
				INFOPLIST_KEY_UISupportedInterfaceOrientations_iPad = "UIInterfaceOrientationPortrait UIInterfaceOrientationPortraitUpsideDown UIInterfaceOrientationLandscapeLeft UIInterfaceOrientationLandscapeRight";
				INFOPLIST_KEY_UISupportedInterfaceOrientations_iPhone = "UIInterfaceOrientationPortrait UIInterfaceOrientationLandscapeLeft UIInterfaceOrientationLandscapeRight";
				IPHONEOS_DEPLOYMENT_TARGET = 14.0;
				LD_RUNPATH_SEARCH_PATHS = (
					"$(inherited)",
					"@executable_path/Frameworks",
				);
				MARKETING_VERSION = 1.0;
				PRODUCT_BUNDLE_IDENTIFIER = ExomindOpenclassrooms.FosterApp;
				PRODUCT_NAME = "$(TARGET_NAME)";
				SWIFT_EMIT_LOC_STRINGS = YES;
				SWIFT_VERSION = 5.0;
				TARGETED_DEVICE_FAMILY = "1,2";
			};
			name = Debug;
		};
		D5F0C70929A90BEF002A0F65 /* Release */ = {
			isa = XCBuildConfiguration;
			baseConfigurationReference = 4A4D04655A2C7EAB32D6B24A /* Pods-FosterApp.release.xcconfig */;
			buildSettings = {
				ASSETCATALOG_COMPILER_APPICON_NAME = AppIcon;
				ASSETCATALOG_COMPILER_GLOBAL_ACCENT_COLOR_NAME = AccentColor;
				CODE_SIGN_STYLE = Automatic;
				CURRENT_PROJECT_VERSION = 1;
				DEVELOPMENT_TEAM = N99GL92MJ5;
				GENERATE_INFOPLIST_FILE = YES;
				INFOPLIST_FILE = FosterApp/Resources/Info.plist;
				INFOPLIST_KEY_UIApplicationSupportsIndirectInputEvents = YES;
				INFOPLIST_KEY_UILaunchStoryboardName = LaunchScreen;
				INFOPLIST_KEY_UIMainStoryboardFile = TabBar;
				INFOPLIST_KEY_UISupportedInterfaceOrientations_iPad = "UIInterfaceOrientationPortrait UIInterfaceOrientationPortraitUpsideDown UIInterfaceOrientationLandscapeLeft UIInterfaceOrientationLandscapeRight";
				INFOPLIST_KEY_UISupportedInterfaceOrientations_iPhone = "UIInterfaceOrientationPortrait UIInterfaceOrientationLandscapeLeft UIInterfaceOrientationLandscapeRight";
				IPHONEOS_DEPLOYMENT_TARGET = 14.0;
				LD_RUNPATH_SEARCH_PATHS = (
					"$(inherited)",
					"@executable_path/Frameworks",
				);
				MARKETING_VERSION = 1.0;
				PRODUCT_BUNDLE_IDENTIFIER = ExomindOpenclassrooms.FosterApp;
				PRODUCT_NAME = "$(TARGET_NAME)";
				SWIFT_EMIT_LOC_STRINGS = YES;
				SWIFT_VERSION = 5.0;
				TARGETED_DEVICE_FAMILY = "1,2";
			};
			name = Release;
		};
/* End XCBuildConfiguration section */

/* Begin XCConfigurationList section */
		D5F0C6EE29A90BEA002A0F65 /* Build configuration list for PBXProject "FosterApp" */ = {
			isa = XCConfigurationList;
			buildConfigurations = (
				D5F0C70529A90BEF002A0F65 /* Debug */,
				D5F0C70629A90BEF002A0F65 /* Release */,
			);
			defaultConfigurationIsVisible = 0;
			defaultConfigurationName = Release;
		};
		D5F0C70729A90BEF002A0F65 /* Build configuration list for PBXNativeTarget "FosterApp" */ = {
			isa = XCConfigurationList;
			buildConfigurations = (
				D5F0C70829A90BEF002A0F65 /* Debug */,
				D5F0C70929A90BEF002A0F65 /* Release */,
			);
			defaultConfigurationIsVisible = 0;
			defaultConfigurationName = Release;
		};
/* End XCConfigurationList section */

/* Begin XCVersionGroup section */
		D5E9295529AD16B700ACDAEE /* FosterApp.xcdatamodeld */ = {
			isa = XCVersionGroup;
			children = (
				D5E9295629AD16B700ACDAEE /* FosterApp.xcdatamodel */,
			);
			currentVersion = D5E9295629AD16B700ACDAEE /* FosterApp.xcdatamodel */;
			path = FosterApp.xcdatamodeld;
			sourceTree = "<group>";
			versionGroupType = wrapper.xcdatamodel;
		};
/* End XCVersionGroup section */
	};
	rootObject = D5F0C6EB29A90BEA002A0F65 /* Project object */;
}
